// !$*UTF8*$!
{
	archiveVersion = 1;
	classes = {
	};
	objectVersion = 46;
	objects = {

/* Begin PBXBuildFile section */
		C77588897E5F93D6E9FDB819 /* libPods-CHManagement.a in Frameworks */ = {isa = PBXBuildFile; fileRef = 788E4E2103EA159DBCEBA920 /* libPods-CHManagement.a */; };
		D18B47011CCFAB8300FEA8E8 /* main.m in Sources */ = {isa = PBXBuildFile; fileRef = D18B47001CCFAB8300FEA8E8 /* main.m */; };
		D18B47041CCFAB8300FEA8E8 /* AppDelegate.m in Sources */ = {isa = PBXBuildFile; fileRef = D18B47031CCFAB8300FEA8E8 /* AppDelegate.m */; };
		D18B47071CCFAB8300FEA8E8 /* ViewController.m in Sources */ = {isa = PBXBuildFile; fileRef = D18B47061CCFAB8300FEA8E8 /* ViewController.m */; };
		D18B470A1CCFAB8300FEA8E8 /* Main.storyboard in Resources */ = {isa = PBXBuildFile; fileRef = D18B47081CCFAB8300FEA8E8 /* Main.storyboard */; };
		D18B470C1CCFAB8300FEA8E8 /* Assets.xcassets in Resources */ = {isa = PBXBuildFile; fileRef = D18B470B1CCFAB8300FEA8E8 /* Assets.xcassets */; };
		D18B470F1CCFAB8300FEA8E8 /* LaunchScreen.storyboard in Resources */ = {isa = PBXBuildFile; fileRef = D18B470D1CCFAB8300FEA8E8 /* LaunchScreen.storyboard */; };
		D18B471A1CCFAB8300FEA8E8 /* CHManagementTests.m in Sources */ = {isa = PBXBuildFile; fileRef = D18B47191CCFAB8300FEA8E8 /* CHManagementTests.m */; };
		D18B47251CCFAB8400FEA8E8 /* CHManagementUITests.m in Sources */ = {isa = PBXBuildFile; fileRef = D18B47241CCFAB8400FEA8E8 /* CHManagementUITests.m */; };
		D19EF7931CD082820044BA84 /* AccountVO.m in Sources */ = {isa = PBXBuildFile; fileRef = D19EF7921CD082820044BA84 /* AccountVO.m */; };
		D19EF7971CD0830B0044BA84 /* ActivityVO.m in Sources */ = {isa = PBXBuildFile; fileRef = D19EF7961CD0830B0044BA84 /* ActivityVO.m */; };
		D19EF79A1CD083F90044BA84 /* AuditMaterialsVO.m in Sources */ = {isa = PBXBuildFile; fileRef = D19EF7991CD083F90044BA84 /* AuditMaterialsVO.m */; };
		D19EF79D1CD084200044BA84 /* AuditOthersVO.m in Sources */ = {isa = PBXBuildFile; fileRef = D19EF79C1CD084200044BA84 /* AuditOthersVO.m */; };
		D19EF7A01CD084450044BA84 /* BillBuildingVO.m in Sources */ = {isa = PBXBuildFile; fileRef = D19EF79F1CD084450044BA84 /* BillBuildingVO.m */; };
		D19EF7A31CD084BA0044BA84 /* BillMaterialsVO.m in Sources */ = {isa = PBXBuildFile; fileRef = D19EF7A21CD084BA0044BA84 /* BillMaterialsVO.m */; };
		D19EF7A61CD084D50044BA84 /* BillOthersVO.m in Sources */ = {isa = PBXBuildFile; fileRef = D19EF7A51CD084D50044BA84 /* BillOthersVO.m */; };
		D19EF7A91CD0859D0044BA84 /* BillVO.m in Sources */ = {isa = PBXBuildFile; fileRef = D19EF7A81CD0859D0044BA84 /* BillVO.m */; };
		D19EF7AC1CD085AE0044BA84 /* FileVO.m in Sources */ = {isa = PBXBuildFile; fileRef = D19EF7AB1CD085AE0044BA84 /* FileVO.m */; };
		D19EF7AF1CD085F80044BA84 /* MessageVO.m in Sources */ = {isa = PBXBuildFile; fileRef = D19EF7AE1CD085F80044BA84 /* MessageVO.m */; };
		D19EF7B21CD0860D0044BA84 /* NotifyVO.m in Sources */ = {isa = PBXBuildFile; fileRef = D19EF7B11CD0860D0044BA84 /* NotifyVO.m */; };
		D19EF7B51CD086350044BA84 /* QiNiuVO.m in Sources */ = {isa = PBXBuildFile; fileRef = D19EF7B41CD086350044BA84 /* QiNiuVO.m */; };
		D19EF7B81CD0864A0044BA84 /* ResultVO.m in Sources */ = {isa = PBXBuildFile; fileRef = D19EF7B71CD0864A0044BA84 /* ResultVO.m */; };
		D19EF7BB1CD0865E0044BA84 /* ScheduleVO.m in Sources */ = {isa = PBXBuildFile; fileRef = D19EF7BA1CD0865E0044BA84 /* ScheduleVO.m */; };
		D19EF7BE1CD086800044BA84 /* SignInResultVO.m in Sources */ = {isa = PBXBuildFile; fileRef = D19EF7BD1CD086800044BA84 /* SignInResultVO.m */; };
		D19EF7C11CD086A30044BA84 /* SignStatusVO.m in Sources */ = {isa = PBXBuildFile; fileRef = D19EF7C01CD086A30044BA84 /* SignStatusVO.m */; };
		D19EF7C41CD086BD0044BA84 /* UserShortVO.m in Sources */ = {isa = PBXBuildFile; fileRef = D19EF7C31CD086BD0044BA84 /* UserShortVO.m */; };
		D19EF7C71CD086D40044BA84 /* UserVO.m in Sources */ = {isa = PBXBuildFile; fileRef = D19EF7C61CD086D40044BA84 /* UserVO.m */; };
		D19EF7CA1CD086ED0044BA84 /* VOWrapper.m in Sources */ = {isa = PBXBuildFile; fileRef = D19EF7C91CD086ED0044BA84 /* VOWrapper.m */; };
		D19EF7CE1CD0898D0044BA84 /* NetworkManager.m in Sources */ = {isa = PBXBuildFile; fileRef = D19EF7CD1CD0898D0044BA84 /* NetworkManager.m */; };
		D19EF7D41CD09DB70044BA84 /* RequestParameter.m in Sources */ = {isa = PBXBuildFile; fileRef = D19EF7D31CD09DB70044BA84 /* RequestParameter.m */; };
		D19EF7D71CD09E3B0044BA84 /* NetworkFile.m in Sources */ = {isa = PBXBuildFile; fileRef = D19EF7D61CD09E3B0044BA84 /* NetworkFile.m */; };
		D19EF7DA1CD0A1610044BA84 /* NSDictionary+Extends.m in Sources */ = {isa = PBXBuildFile; fileRef = D19EF7D91CD0A1610044BA84 /* NSDictionary+Extends.m */; };
		D19EF7DE1CD0A79F0044BA84 /* MyGroup.m in Sources */ = {isa = PBXBuildFile; fileRef = D19EF7DD1CD0A79F0044BA84 /* MyGroup.m */; };
		D19EF7E11CD0B1CB0044BA84 /* Role.m in Sources */ = {isa = PBXBuildFile; fileRef = D19EF7E01CD0B1CB0044BA84 /* Role.m */; };
/* End PBXBuildFile section */

/* Begin PBXContainerItemProxy section */
		D18B47161CCFAB8300FEA8E8 /* PBXContainerItemProxy */ = {
			isa = PBXContainerItemProxy;
			containerPortal = D18B46F41CCFAB8300FEA8E8 /* Project object */;
			proxyType = 1;
			remoteGlobalIDString = D18B46FB1CCFAB8300FEA8E8;
			remoteInfo = CHManagement;
		};
		D18B47211CCFAB8300FEA8E8 /* PBXContainerItemProxy */ = {
			isa = PBXContainerItemProxy;
			containerPortal = D18B46F41CCFAB8300FEA8E8 /* Project object */;
			proxyType = 1;
			remoteGlobalIDString = D18B46FB1CCFAB8300FEA8E8;
			remoteInfo = CHManagement;
		};
/* End PBXContainerItemProxy section */

/* Begin PBXFileReference section */
		2C70A178924B476A49005E9F /* Pods-CHManagement.release.xcconfig */ = {isa = PBXFileReference; includeInIndex = 1; lastKnownFileType = text.xcconfig; name = "Pods-CHManagement.release.xcconfig"; path = "Pods/Target Support Files/Pods-CHManagement/Pods-CHManagement.release.xcconfig"; sourceTree = "<group>"; };
		788E4E2103EA159DBCEBA920 /* libPods-CHManagement.a */ = {isa = PBXFileReference; explicitFileType = archive.ar; includeInIndex = 0; path = "libPods-CHManagement.a"; sourceTree = BUILT_PRODUCTS_DIR; };
		7B7B0AC6DBE4E10D816EC340 /* Pods-CHManagement.debug.xcconfig */ = {isa = PBXFileReference; includeInIndex = 1; lastKnownFileType = text.xcconfig; name = "Pods-CHManagement.debug.xcconfig"; path = "Pods/Target Support Files/Pods-CHManagement/Pods-CHManagement.debug.xcconfig"; sourceTree = "<group>"; };
		D18B46FC1CCFAB8300FEA8E8 /* CHManagement.app */ = {isa = PBXFileReference; explicitFileType = wrapper.application; includeInIndex = 0; path = CHManagement.app; sourceTree = BUILT_PRODUCTS_DIR; };
		D18B47001CCFAB8300FEA8E8 /* main.m */ = {isa = PBXFileReference; lastKnownFileType = sourcecode.c.objc; path = main.m; sourceTree = "<group>"; };
		D18B47021CCFAB8300FEA8E8 /* AppDelegate.h */ = {isa = PBXFileReference; lastKnownFileType = sourcecode.c.h; path = AppDelegate.h; sourceTree = "<group>"; };
		D18B47031CCFAB8300FEA8E8 /* AppDelegate.m */ = {isa = PBXFileReference; lastKnownFileType = sourcecode.c.objc; path = AppDelegate.m; sourceTree = "<group>"; };
		D18B47051CCFAB8300FEA8E8 /* ViewController.h */ = {isa = PBXFileReference; lastKnownFileType = sourcecode.c.h; path = ViewController.h; sourceTree = "<group>"; };
		D18B47061CCFAB8300FEA8E8 /* ViewController.m */ = {isa = PBXFileReference; lastKnownFileType = sourcecode.c.objc; path = ViewController.m; sourceTree = "<group>"; };
		D18B47091CCFAB8300FEA8E8 /* Base */ = {isa = PBXFileReference; lastKnownFileType = file.storyboard; name = Base; path = Base.lproj/Main.storyboard; sourceTree = "<group>"; };
		D18B470B1CCFAB8300FEA8E8 /* Assets.xcassets */ = {isa = PBXFileReference; lastKnownFileType = folder.assetcatalog; path = Assets.xcassets; sourceTree = "<group>"; };
		D18B470E1CCFAB8300FEA8E8 /* Base */ = {isa = PBXFileReference; lastKnownFileType = file.storyboard; name = Base; path = Base.lproj/LaunchScreen.storyboard; sourceTree = "<group>"; };
		D18B47101CCFAB8300FEA8E8 /* Info.plist */ = {isa = PBXFileReference; lastKnownFileType = text.plist.xml; path = Info.plist; sourceTree = "<group>"; };
		D18B47151CCFAB8300FEA8E8 /* CHManagementTests.xctest */ = {isa = PBXFileReference; explicitFileType = wrapper.cfbundle; includeInIndex = 0; path = CHManagementTests.xctest; sourceTree = BUILT_PRODUCTS_DIR; };
		D18B47191CCFAB8300FEA8E8 /* CHManagementTests.m */ = {isa = PBXFileReference; lastKnownFileType = sourcecode.c.objc; path = CHManagementTests.m; sourceTree = "<group>"; };
		D18B471B1CCFAB8300FEA8E8 /* Info.plist */ = {isa = PBXFileReference; lastKnownFileType = text.plist.xml; path = Info.plist; sourceTree = "<group>"; };
		D18B47201CCFAB8300FEA8E8 /* CHManagementUITests.xctest */ = {isa = PBXFileReference; explicitFileType = wrapper.cfbundle; includeInIndex = 0; path = CHManagementUITests.xctest; sourceTree = BUILT_PRODUCTS_DIR; };
		D18B47241CCFAB8400FEA8E8 /* CHManagementUITests.m */ = {isa = PBXFileReference; lastKnownFileType = sourcecode.c.objc; path = CHManagementUITests.m; sourceTree = "<group>"; };
		D18B47261CCFAB8400FEA8E8 /* Info.plist */ = {isa = PBXFileReference; lastKnownFileType = text.plist.xml; path = Info.plist; sourceTree = "<group>"; };
		D19EF7911CD082820044BA84 /* AccountVO.h */ = {isa = PBXFileReference; fileEncoding = 4; lastKnownFileType = sourcecode.c.h; name = AccountVO.h; path = VO/AccountVO.h; sourceTree = "<group>"; };
		D19EF7921CD082820044BA84 /* AccountVO.m */ = {isa = PBXFileReference; fileEncoding = 4; lastKnownFileType = sourcecode.c.objc; name = AccountVO.m; path = VO/AccountVO.m; sourceTree = "<group>"; };
		D19EF7951CD0830B0044BA84 /* ActivityVO.h */ = {isa = PBXFileReference; fileEncoding = 4; lastKnownFileType = sourcecode.c.h; name = ActivityVO.h; path = VO/ActivityVO.h; sourceTree = "<group>"; };
		D19EF7961CD0830B0044BA84 /* ActivityVO.m */ = {isa = PBXFileReference; fileEncoding = 4; lastKnownFileType = sourcecode.c.objc; name = ActivityVO.m; path = VO/ActivityVO.m; sourceTree = "<group>"; };
		D19EF7981CD083F90044BA84 /* AuditMaterialsVO.h */ = {isa = PBXFileReference; fileEncoding = 4; lastKnownFileType = sourcecode.c.h; name = AuditMaterialsVO.h; path = VO/AuditMaterialsVO.h; sourceTree = "<group>"; };
		D19EF7991CD083F90044BA84 /* AuditMaterialsVO.m */ = {isa = PBXFileReference; fileEncoding = 4; lastKnownFileType = sourcecode.c.objc; name = AuditMaterialsVO.m; path = VO/AuditMaterialsVO.m; sourceTree = "<group>"; };
		D19EF79B1CD084200044BA84 /* AuditOthersVO.h */ = {isa = PBXFileReference; fileEncoding = 4; lastKnownFileType = sourcecode.c.h; name = AuditOthersVO.h; path = VO/AuditOthersVO.h; sourceTree = "<group>"; };
		D19EF79C1CD084200044BA84 /* AuditOthersVO.m */ = {isa = PBXFileReference; fileEncoding = 4; lastKnownFileType = sourcecode.c.objc; name = AuditOthersVO.m; path = VO/AuditOthersVO.m; sourceTree = "<group>"; };
		D19EF79E1CD084450044BA84 /* BillBuildingVO.h */ = {isa = PBXFileReference; fileEncoding = 4; lastKnownFileType = sourcecode.c.h; name = BillBuildingVO.h; path = VO/BillBuildingVO.h; sourceTree = "<group>"; };
		D19EF79F1CD084450044BA84 /* BillBuildingVO.m */ = {isa = PBXFileReference; fileEncoding = 4; lastKnownFileType = sourcecode.c.objc; name = BillBuildingVO.m; path = VO/BillBuildingVO.m; sourceTree = "<group>"; };
		D19EF7A11CD084BA0044BA84 /* BillMaterialsVO.h */ = {isa = PBXFileReference; fileEncoding = 4; lastKnownFileType = sourcecode.c.h; name = BillMaterialsVO.h; path = VO/BillMaterialsVO.h; sourceTree = "<group>"; };
		D19EF7A21CD084BA0044BA84 /* BillMaterialsVO.m */ = {isa = PBXFileReference; fileEncoding = 4; lastKnownFileType = sourcecode.c.objc; name = BillMaterialsVO.m; path = VO/BillMaterialsVO.m; sourceTree = "<group>"; };
		D19EF7A41CD084D50044BA84 /* BillOthersVO.h */ = {isa = PBXFileReference; fileEncoding = 4; lastKnownFileType = sourcecode.c.h; name = BillOthersVO.h; path = VO/BillOthersVO.h; sourceTree = "<group>"; };
		D19EF7A51CD084D50044BA84 /* BillOthersVO.m */ = {isa = PBXFileReference; fileEncoding = 4; lastKnownFileType = sourcecode.c.objc; name = BillOthersVO.m; path = VO/BillOthersVO.m; sourceTree = "<group>"; };
		D19EF7A71CD0859D0044BA84 /* BillVO.h */ = {isa = PBXFileReference; fileEncoding = 4; lastKnownFileType = sourcecode.c.h; name = BillVO.h; path = VO/BillVO.h; sourceTree = "<group>"; };
		D19EF7A81CD0859D0044BA84 /* BillVO.m */ = {isa = PBXFileReference; fileEncoding = 4; lastKnownFileType = sourcecode.c.objc; name = BillVO.m; path = VO/BillVO.m; sourceTree = "<group>"; };
		D19EF7AA1CD085AE0044BA84 /* FileVO.h */ = {isa = PBXFileReference; fileEncoding = 4; lastKnownFileType = sourcecode.c.h; name = FileVO.h; path = VO/FileVO.h; sourceTree = "<group>"; };
		D19EF7AB1CD085AE0044BA84 /* FileVO.m */ = {isa = PBXFileReference; fileEncoding = 4; lastKnownFileType = sourcecode.c.objc; name = FileVO.m; path = VO/FileVO.m; sourceTree = "<group>"; };
		D19EF7AD1CD085F80044BA84 /* MessageVO.h */ = {isa = PBXFileReference; fileEncoding = 4; lastKnownFileType = sourcecode.c.h; name = MessageVO.h; path = VO/MessageVO.h; sourceTree = "<group>"; };
		D19EF7AE1CD085F80044BA84 /* MessageVO.m */ = {isa = PBXFileReference; fileEncoding = 4; lastKnownFileType = sourcecode.c.objc; name = MessageVO.m; path = VO/MessageVO.m; sourceTree = "<group>"; };
		D19EF7B01CD0860D0044BA84 /* NotifyVO.h */ = {isa = PBXFileReference; fileEncoding = 4; lastKnownFileType = sourcecode.c.h; name = NotifyVO.h; path = VO/NotifyVO.h; sourceTree = "<group>"; };
		D19EF7B11CD0860D0044BA84 /* NotifyVO.m */ = {isa = PBXFileReference; fileEncoding = 4; lastKnownFileType = sourcecode.c.objc; name = NotifyVO.m; path = VO/NotifyVO.m; sourceTree = "<group>"; };
		D19EF7B31CD086350044BA84 /* QiNiuVO.h */ = {isa = PBXFileReference; fileEncoding = 4; lastKnownFileType = sourcecode.c.h; name = QiNiuVO.h; path = VO/QiNiuVO.h; sourceTree = "<group>"; };
		D19EF7B41CD086350044BA84 /* QiNiuVO.m */ = {isa = PBXFileReference; fileEncoding = 4; lastKnownFileType = sourcecode.c.objc; name = QiNiuVO.m; path = VO/QiNiuVO.m; sourceTree = "<group>"; };
		D19EF7B61CD0864A0044BA84 /* ResultVO.h */ = {isa = PBXFileReference; fileEncoding = 4; lastKnownFileType = sourcecode.c.h; name = ResultVO.h; path = VO/ResultVO.h; sourceTree = "<group>"; };
		D19EF7B71CD0864A0044BA84 /* ResultVO.m */ = {isa = PBXFileReference; fileEncoding = 4; lastKnownFileType = sourcecode.c.objc; name = ResultVO.m; path = VO/ResultVO.m; sourceTree = "<group>"; };
		D19EF7B91CD0865E0044BA84 /* ScheduleVO.h */ = {isa = PBXFileReference; fileEncoding = 4; lastKnownFileType = sourcecode.c.h; name = ScheduleVO.h; path = VO/ScheduleVO.h; sourceTree = "<group>"; };
		D19EF7BA1CD0865E0044BA84 /* ScheduleVO.m */ = {isa = PBXFileReference; fileEncoding = 4; lastKnownFileType = sourcecode.c.objc; name = ScheduleVO.m; path = VO/ScheduleVO.m; sourceTree = "<group>"; };
		D19EF7BC1CD086800044BA84 /* SignInResultVO.h */ = {isa = PBXFileReference; fileEncoding = 4; lastKnownFileType = sourcecode.c.h; name = SignInResultVO.h; path = VO/SignInResultVO.h; sourceTree = "<group>"; };
		D19EF7BD1CD086800044BA84 /* SignInResultVO.m */ = {isa = PBXFileReference; fileEncoding = 4; lastKnownFileType = sourcecode.c.objc; name = SignInResultVO.m; path = VO/SignInResultVO.m; sourceTree = "<group>"; };
		D19EF7BF1CD086A30044BA84 /* SignStatusVO.h */ = {isa = PBXFileReference; fileEncoding = 4; lastKnownFileType = sourcecode.c.h; name = SignStatusVO.h; path = VO/SignStatusVO.h; sourceTree = "<group>"; };
		D19EF7C01CD086A30044BA84 /* SignStatusVO.m */ = {isa = PBXFileReference; fileEncoding = 4; lastKnownFileType = sourcecode.c.objc; name = SignStatusVO.m; path = VO/SignStatusVO.m; sourceTree = "<group>"; };
		D19EF7C21CD086BD0044BA84 /* UserShortVO.h */ = {isa = PBXFileReference; fileEncoding = 4; lastKnownFileType = sourcecode.c.h; name = UserShortVO.h; path = VO/UserShortVO.h; sourceTree = "<group>"; };
		D19EF7C31CD086BD0044BA84 /* UserShortVO.m */ = {isa = PBXFileReference; fileEncoding = 4; lastKnownFileType = sourcecode.c.objc; name = UserShortVO.m; path = VO/UserShortVO.m; sourceTree = "<group>"; };
		D19EF7C51CD086D40044BA84 /* UserVO.h */ = {isa = PBXFileReference; fileEncoding = 4; lastKnownFileType = sourcecode.c.h; name = UserVO.h; path = VO/UserVO.h; sourceTree = "<group>"; };
		D19EF7C61CD086D40044BA84 /* UserVO.m */ = {isa = PBXFileReference; fileEncoding = 4; lastKnownFileType = sourcecode.c.objc; name = UserVO.m; path = VO/UserVO.m; sourceTree = "<group>"; };
		D19EF7C81CD086ED0044BA84 /* VOWrapper.h */ = {isa = PBXFileReference; fileEncoding = 4; lastKnownFileType = sourcecode.c.h; name = VOWrapper.h; path = VO/VOWrapper.h; sourceTree = "<group>"; };
		D19EF7C91CD086ED0044BA84 /* VOWrapper.m */ = {isa = PBXFileReference; fileEncoding = 4; lastKnownFileType = sourcecode.c.objc; name = VOWrapper.m; path = VO/VOWrapper.m; sourceTree = "<group>"; };
		D19EF7CC1CD0898D0044BA84 /* NetworkManager.h */ = {isa = PBXFileReference; fileEncoding = 4; lastKnownFileType = sourcecode.c.h; name = NetworkManager.h; path = NetworkService/NetworkManager.h; sourceTree = "<group>"; };
		D19EF7CD1CD0898D0044BA84 /* NetworkManager.m */ = {isa = PBXFileReference; fileEncoding = 4; lastKnownFileType = sourcecode.c.objc; name = NetworkManager.m; path = NetworkService/NetworkManager.m; sourceTree = "<group>"; };
		D19EF7D21CD09DB70044BA84 /* RequestParameter.h */ = {isa = PBXFileReference; fileEncoding = 4; lastKnownFileType = sourcecode.c.h; name = RequestParameter.h; path = NetworkService/RequestParameter.h; sourceTree = "<group>"; };
		D19EF7D31CD09DB70044BA84 /* RequestParameter.m */ = {isa = PBXFileReference; fileEncoding = 4; lastKnownFileType = sourcecode.c.objc; name = RequestParameter.m; path = NetworkService/RequestParameter.m; sourceTree = "<group>"; };
		D19EF7D51CD09E3B0044BA84 /* NetworkFile.h */ = {isa = PBXFileReference; fileEncoding = 4; lastKnownFileType = sourcecode.c.h; name = NetworkFile.h; path = NetworkService/NetworkFile.h; sourceTree = "<group>"; };
		D19EF7D61CD09E3B0044BA84 /* NetworkFile.m */ = {isa = PBXFileReference; fileEncoding = 4; lastKnownFileType = sourcecode.c.objc; name = NetworkFile.m; path = NetworkService/NetworkFile.m; sourceTree = "<group>"; };
		D19EF7D81CD0A1610044BA84 /* NSDictionary+Extends.h */ = {isa = PBXFileReference; fileEncoding = 4; lastKnownFileType = sourcecode.c.h; name = "NSDictionary+Extends.h"; path = "NetworkService/NSDictionary+Extends.h"; sourceTree = "<group>"; };
		D19EF7D91CD0A1610044BA84 /* NSDictionary+Extends.m */ = {isa = PBXFileReference; fileEncoding = 4; lastKnownFileType = sourcecode.c.objc; name = "NSDictionary+Extends.m"; path = "NetworkService/NSDictionary+Extends.m"; sourceTree = "<group>"; };
		D19EF7DC1CD0A79F0044BA84 /* MyGroup.h */ = {isa = PBXFileReference; fileEncoding = 4; lastKnownFileType = sourcecode.c.h; name = MyGroup.h; path = Entity/MyGroup.h; sourceTree = "<group>"; };
		D19EF7DD1CD0A79F0044BA84 /* MyGroup.m */ = {isa = PBXFileReference; fileEncoding = 4; lastKnownFileType = sourcecode.c.objc; name = MyGroup.m; path = Entity/MyGroup.m; sourceTree = "<group>"; };
		D19EF7DF1CD0B1CB0044BA84 /* Role.h */ = {isa = PBXFileReference; fileEncoding = 4; lastKnownFileType = sourcecode.c.h; name = Role.h; path = Entity/Role.h; sourceTree = "<group>"; };
		D19EF7E01CD0B1CB0044BA84 /* Role.m */ = {isa = PBXFileReference; fileEncoding = 4; lastKnownFileType = sourcecode.c.objc; name = Role.m; path = Entity/Role.m; sourceTree = "<group>"; };
/* End PBXFileReference section */

/* Begin PBXFrameworksBuildPhase section */
		D18B46F91CCFAB8300FEA8E8 /* Frameworks */ = {
			isa = PBXFrameworksBuildPhase;
			buildActionMask = 2147483647;
			files = (
				C77588897E5F93D6E9FDB819 /* libPods-CHManagement.a in Frameworks */,
			);
			runOnlyForDeploymentPostprocessing = 0;
		};
		D18B47121CCFAB8300FEA8E8 /* Frameworks */ = {
			isa = PBXFrameworksBuildPhase;
			buildActionMask = 2147483647;
			files = (
			);
			runOnlyForDeploymentPostprocessing = 0;
		};
		D18B471D1CCFAB8300FEA8E8 /* Frameworks */ = {
			isa = PBXFrameworksBuildPhase;
			buildActionMask = 2147483647;
			files = (
			);
			runOnlyForDeploymentPostprocessing = 0;
		};
/* End PBXFrameworksBuildPhase section */

/* Begin PBXGroup section */
		0A86409D900346667492B223 /* Pods */ = {
			isa = PBXGroup;
			children = (
				7B7B0AC6DBE4E10D816EC340 /* Pods-CHManagement.debug.xcconfig */,
				2C70A178924B476A49005E9F /* Pods-CHManagement.release.xcconfig */,
			);
			name = Pods;
			sourceTree = "<group>";
		};
		710070DC4193BA37431AAA0C /* Frameworks */ = {
			isa = PBXGroup;
			children = (
				788E4E2103EA159DBCEBA920 /* libPods-CHManagement.a */,
			);
			name = Frameworks;
			sourceTree = "<group>";
		};
		D18B46F31CCFAB8300FEA8E8 = {
			isa = PBXGroup;
			children = (
				D18B46FE1CCFAB8300FEA8E8 /* CHManagement */,
				D18B47181CCFAB8300FEA8E8 /* CHManagementTests */,
				D18B47231CCFAB8300FEA8E8 /* CHManagementUITests */,
				D18B46FD1CCFAB8300FEA8E8 /* Products */,
				0A86409D900346667492B223 /* Pods */,
				710070DC4193BA37431AAA0C /* Frameworks */,
			);
			sourceTree = "<group>";
		};
		D18B46FD1CCFAB8300FEA8E8 /* Products */ = {
			isa = PBXGroup;
			children = (
				D18B46FC1CCFAB8300FEA8E8 /* CHManagement.app */,
				D18B47151CCFAB8300FEA8E8 /* CHManagementTests.xctest */,
				D18B47201CCFAB8300FEA8E8 /* CHManagementUITests.xctest */,
			);
			name = Products;
			sourceTree = "<group>";
		};
		D18B46FE1CCFAB8300FEA8E8 /* CHManagement */ = {
			isa = PBXGroup;
			children = (
				D19EF7DB1CD0A7810044BA84 /* Entity */,
				D19EF7CB1CD087200044BA84 /* NetworkService */,
				D19EF7941CD0828A0044BA84 /* VO */,
				D18B47021CCFAB8300FEA8E8 /* AppDelegate.h */,
				D18B47031CCFAB8300FEA8E8 /* AppDelegate.m */,
				D18B47051CCFAB8300FEA8E8 /* ViewController.h */,
				D18B47061CCFAB8300FEA8E8 /* ViewController.m */,
				D18B47081CCFAB8300FEA8E8 /* Main.storyboard */,
				D18B470B1CCFAB8300FEA8E8 /* Assets.xcassets */,
				D18B470D1CCFAB8300FEA8E8 /* LaunchScreen.storyboard */,
				D18B47101CCFAB8300FEA8E8 /* Info.plist */,
				D18B46FF1CCFAB8300FEA8E8 /* Supporting Files */,
			);
			path = CHManagement;
			sourceTree = "<group>";
		};
		D18B46FF1CCFAB8300FEA8E8 /* Supporting Files */ = {
			isa = PBXGroup;
			children = (
				D18B47001CCFAB8300FEA8E8 /* main.m */,
			);
			name = "Supporting Files";
			sourceTree = "<group>";
		};
		D18B47181CCFAB8300FEA8E8 /* CHManagementTests */ = {
			isa = PBXGroup;
			children = (
				D18B47191CCFAB8300FEA8E8 /* CHManagementTests.m */,
				D18B471B1CCFAB8300FEA8E8 /* Info.plist */,
			);
			path = CHManagementTests;
			sourceTree = "<group>";
		};
		D18B47231CCFAB8300FEA8E8 /* CHManagementUITests */ = {
			isa = PBXGroup;
			children = (
				D18B47241CCFAB8400FEA8E8 /* CHManagementUITests.m */,
				D18B47261CCFAB8400FEA8E8 /* Info.plist */,
			);
			path = CHManagementUITests;
			sourceTree = "<group>";
		};
		D19EF7941CD0828A0044BA84 /* VO */ = {
			isa = PBXGroup;
			children = (
				D19EF7911CD082820044BA84 /* AccountVO.h */,
				D19EF7921CD082820044BA84 /* AccountVO.m */,
				D19EF7951CD0830B0044BA84 /* ActivityVO.h */,
				D19EF7961CD0830B0044BA84 /* ActivityVO.m */,
				D19EF7981CD083F90044BA84 /* AuditMaterialsVO.h */,
				D19EF7991CD083F90044BA84 /* AuditMaterialsVO.m */,
				D19EF79B1CD084200044BA84 /* AuditOthersVO.h */,
				D19EF79C1CD084200044BA84 /* AuditOthersVO.m */,
				D19EF79E1CD084450044BA84 /* BillBuildingVO.h */,
				D19EF79F1CD084450044BA84 /* BillBuildingVO.m */,
				D19EF7A11CD084BA0044BA84 /* BillMaterialsVO.h */,
				D19EF7A21CD084BA0044BA84 /* BillMaterialsVO.m */,
				D19EF7A41CD084D50044BA84 /* BillOthersVO.h */,
				D19EF7A51CD084D50044BA84 /* BillOthersVO.m */,
				D19EF7A71CD0859D0044BA84 /* BillVO.h */,
				D19EF7A81CD0859D0044BA84 /* BillVO.m */,
				D19EF7AA1CD085AE0044BA84 /* FileVO.h */,
				D19EF7AB1CD085AE0044BA84 /* FileVO.m */,
				D19EF7AD1CD085F80044BA84 /* MessageVO.h */,
				D19EF7AE1CD085F80044BA84 /* MessageVO.m */,
				D19EF7B01CD0860D0044BA84 /* NotifyVO.h */,
				D19EF7B11CD0860D0044BA84 /* NotifyVO.m */,
				D19EF7B31CD086350044BA84 /* QiNiuVO.h */,
				D19EF7B41CD086350044BA84 /* QiNiuVO.m */,
				D19EF7B61CD0864A0044BA84 /* ResultVO.h */,
				D19EF7B71CD0864A0044BA84 /* ResultVO.m */,
				D19EF7B91CD0865E0044BA84 /* ScheduleVO.h */,
				D19EF7BA1CD0865E0044BA84 /* ScheduleVO.m */,
				D19EF7BC1CD086800044BA84 /* SignInResultVO.h */,
				D19EF7BD1CD086800044BA84 /* SignInResultVO.m */,
				D19EF7BF1CD086A30044BA84 /* SignStatusVO.h */,
				D19EF7C01CD086A30044BA84 /* SignStatusVO.m */,
				D19EF7C21CD086BD0044BA84 /* UserShortVO.h */,
				D19EF7C31CD086BD0044BA84 /* UserShortVO.m */,
				D19EF7C51CD086D40044BA84 /* UserVO.h */,
				D19EF7C61CD086D40044BA84 /* UserVO.m */,
				D19EF7C81CD086ED0044BA84 /* VOWrapper.h */,
				D19EF7C91CD086ED0044BA84 /* VOWrapper.m */,
			);
			name = VO;
			sourceTree = "<group>";
		};
		D19EF7CB1CD087200044BA84 /* NetworkService */ = {
			isa = PBXGroup;
			children = (
				D19EF7D81CD0A1610044BA84 /* NSDictionary+Extends.h */,
				D19EF7D91CD0A1610044BA84 /* NSDictionary+Extends.m */,
				D19EF7CC1CD0898D0044BA84 /* NetworkManager.h */,
				D19EF7CD1CD0898D0044BA84 /* NetworkManager.m */,
				D19EF7D21CD09DB70044BA84 /* RequestParameter.h */,
				D19EF7D31CD09DB70044BA84 /* RequestParameter.m */,
				D19EF7D51CD09E3B0044BA84 /* NetworkFile.h */,
				D19EF7D61CD09E3B0044BA84 /* NetworkFile.m */,
			);
			name = NetworkService;
			sourceTree = "<group>";
		};
		D19EF7DB1CD0A7810044BA84 /* Entity */ = {
			isa = PBXGroup;
			children = (
				D19EF7DC1CD0A79F0044BA84 /* MyGroup.h */,
				D19EF7DD1CD0A79F0044BA84 /* MyGroup.m */,
				D19EF7DF1CD0B1CB0044BA84 /* Role.h */,
				D19EF7E01CD0B1CB0044BA84 /* Role.m */,
			);
			name = Entity;
			sourceTree = "<group>";
		};
/* End PBXGroup section */

/* Begin PBXNativeTarget section */
		D18B46FB1CCFAB8300FEA8E8 /* CHManagement */ = {
			isa = PBXNativeTarget;
			buildConfigurationList = D18B47291CCFAB8400FEA8E8 /* Build configuration list for PBXNativeTarget "CHManagement" */;
			buildPhases = (
				19A8AA9152AE645B304D4748 /* Check Pods Manifest.lock */,
				D18B46F81CCFAB8300FEA8E8 /* Sources */,
				D18B46F91CCFAB8300FEA8E8 /* Frameworks */,
				D18B46FA1CCFAB8300FEA8E8 /* Resources */,
				959C8876EFC612889E93A84C /* Embed Pods Frameworks */,
				95F8EF8F308EFD3DD3A0A59A /* Copy Pods Resources */,
			);
			buildRules = (
			);
			dependencies = (
			);
			name = CHManagement;
			productName = CHManagement;
			productReference = D18B46FC1CCFAB8300FEA8E8 /* CHManagement.app */;
			productType = "com.apple.product-type.application";
		};
		D18B47141CCFAB8300FEA8E8 /* CHManagementTests */ = {
			isa = PBXNativeTarget;
			buildConfigurationList = D18B472C1CCFAB8400FEA8E8 /* Build configuration list for PBXNativeTarget "CHManagementTests" */;
			buildPhases = (
				D18B47111CCFAB8300FEA8E8 /* Sources */,
				D18B47121CCFAB8300FEA8E8 /* Frameworks */,
				D18B47131CCFAB8300FEA8E8 /* Resources */,
			);
			buildRules = (
			);
			dependencies = (
				D18B47171CCFAB8300FEA8E8 /* PBXTargetDependency */,
			);
			name = CHManagementTests;
			productName = CHManagementTests;
			productReference = D18B47151CCFAB8300FEA8E8 /* CHManagementTests.xctest */;
			productType = "com.apple.product-type.bundle.unit-test";
		};
		D18B471F1CCFAB8300FEA8E8 /* CHManagementUITests */ = {
			isa = PBXNativeTarget;
			buildConfigurationList = D18B472F1CCFAB8400FEA8E8 /* Build configuration list for PBXNativeTarget "CHManagementUITests" */;
			buildPhases = (
				D18B471C1CCFAB8300FEA8E8 /* Sources */,
				D18B471D1CCFAB8300FEA8E8 /* Frameworks */,
				D18B471E1CCFAB8300FEA8E8 /* Resources */,
			);
			buildRules = (
			);
			dependencies = (
				D18B47221CCFAB8300FEA8E8 /* PBXTargetDependency */,
			);
			name = CHManagementUITests;
			productName = CHManagementUITests;
			productReference = D18B47201CCFAB8300FEA8E8 /* CHManagementUITests.xctest */;
			productType = "com.apple.product-type.bundle.ui-testing";
		};
/* End PBXNativeTarget section */

/* Begin PBXProject section */
		D18B46F41CCFAB8300FEA8E8 /* Project object */ = {
			isa = PBXProject;
			attributes = {
				LastUpgradeCheck = 0730;
				ORGANIZATIONNAME = "楚淮集团";
				TargetAttributes = {
					D18B46FB1CCFAB8300FEA8E8 = {
						CreatedOnToolsVersion = 7.3;
					};
					D18B47141CCFAB8300FEA8E8 = {
						CreatedOnToolsVersion = 7.3;
						TestTargetID = D18B46FB1CCFAB8300FEA8E8;
					};
					D18B471F1CCFAB8300FEA8E8 = {
						CreatedOnToolsVersion = 7.3;
						TestTargetID = D18B46FB1CCFAB8300FEA8E8;
					};
				};
			};
			buildConfigurationList = D18B46F71CCFAB8300FEA8E8 /* Build configuration list for PBXProject "CHManagement" */;
			compatibilityVersion = "Xcode 3.2";
			developmentRegion = English;
			hasScannedForEncodings = 0;
			knownRegions = (
				en,
				Base,
			);
			mainGroup = D18B46F31CCFAB8300FEA8E8;
			productRefGroup = D18B46FD1CCFAB8300FEA8E8 /* Products */;
			projectDirPath = "";
			projectRoot = "";
			targets = (
				D18B46FB1CCFAB8300FEA8E8 /* CHManagement */,
				D18B47141CCFAB8300FEA8E8 /* CHManagementTests */,
				D18B471F1CCFAB8300FEA8E8 /* CHManagementUITests */,
			);
		};
/* End PBXProject section */

/* Begin PBXResourcesBuildPhase section */
		D18B46FA1CCFAB8300FEA8E8 /* Resources */ = {
			isa = PBXResourcesBuildPhase;
			buildActionMask = 2147483647;
			files = (
				D18B470F1CCFAB8300FEA8E8 /* LaunchScreen.storyboard in Resources */,
				D18B470C1CCFAB8300FEA8E8 /* Assets.xcassets in Resources */,
				D18B470A1CCFAB8300FEA8E8 /* Main.storyboard in Resources */,
			);
			runOnlyForDeploymentPostprocessing = 0;
		};
		D18B47131CCFAB8300FEA8E8 /* Resources */ = {
			isa = PBXResourcesBuildPhase;
			buildActionMask = 2147483647;
			files = (
			);
			runOnlyForDeploymentPostprocessing = 0;
		};
		D18B471E1CCFAB8300FEA8E8 /* Resources */ = {
			isa = PBXResourcesBuildPhase;
			buildActionMask = 2147483647;
			files = (
			);
			runOnlyForDeploymentPostprocessing = 0;
		};
/* End PBXResourcesBuildPhase section */

/* Begin PBXShellScriptBuildPhase section */
		19A8AA9152AE645B304D4748 /* Check Pods Manifest.lock */ = {
			isa = PBXShellScriptBuildPhase;
			buildActionMask = 2147483647;
			files = (
			);
			inputPaths = (
			);
			name = "Check Pods Manifest.lock";
			outputPaths = (
			);
			runOnlyForDeploymentPostprocessing = 0;
			shellPath = /bin/sh;
			shellScript = "diff \"${PODS_ROOT}/../Podfile.lock\" \"${PODS_ROOT}/Manifest.lock\" > /dev/null\nif [[ $? != 0 ]] ; then\n    cat << EOM\nerror: The sandbox is not in sync with the Podfile.lock. Run 'pod install' or update your CocoaPods installation.\nEOM\n    exit 1\nfi\n";
			showEnvVarsInLog = 0;
		};
		959C8876EFC612889E93A84C /* Embed Pods Frameworks */ = {
			isa = PBXShellScriptBuildPhase;
			buildActionMask = 2147483647;
			files = (
			);
			inputPaths = (
			);
			name = "Embed Pods Frameworks";
			outputPaths = (
			);
			runOnlyForDeploymentPostprocessing = 0;
			shellPath = /bin/sh;
			shellScript = "\"${SRCROOT}/Pods/Target Support Files/Pods-CHManagement/Pods-CHManagement-frameworks.sh\"\n";
			showEnvVarsInLog = 0;
		};
		95F8EF8F308EFD3DD3A0A59A /* Copy Pods Resources */ = {
			isa = PBXShellScriptBuildPhase;
			buildActionMask = 2147483647;
			files = (
			);
			inputPaths = (
			);
			name = "Copy Pods Resources";
			outputPaths = (
			);
			runOnlyForDeploymentPostprocessing = 0;
			shellPath = /bin/sh;
			shellScript = "\"${SRCROOT}/Pods/Target Support Files/Pods-CHManagement/Pods-CHManagement-resources.sh\"\n";
			showEnvVarsInLog = 0;
		};
/* End PBXShellScriptBuildPhase section */

/* Begin PBXSourcesBuildPhase section */
		D18B46F81CCFAB8300FEA8E8 /* Sources */ = {
			isa = PBXSourcesBuildPhase;
			buildActionMask = 2147483647;
			files = (
				D19EF7C71CD086D40044BA84 /* UserVO.m in Sources */,
				D19EF7D71CD09E3B0044BA84 /* NetworkFile.m in Sources */,
				D19EF7AC1CD085AE0044BA84 /* FileVO.m in Sources */,
				D19EF7E11CD0B1CB0044BA84 /* Role.m in Sources */,
				D19EF7CA1CD086ED0044BA84 /* VOWrapper.m in Sources */,
				D19EF7931CD082820044BA84 /* AccountVO.m in Sources */,
				D19EF7A01CD084450044BA84 /* BillBuildingVO.m in Sources */,
				D19EF79A1CD083F90044BA84 /* AuditMaterialsVO.m in Sources */,
				D18B47071CCFAB8300FEA8E8 /* ViewController.m in Sources */,
				D19EF7A61CD084D50044BA84 /* BillOthersVO.m in Sources */,
				D19EF7C11CD086A30044BA84 /* SignStatusVO.m in Sources */,
				D19EF7971CD0830B0044BA84 /* ActivityVO.m in Sources */,
				D19EF7C41CD086BD0044BA84 /* UserShortVO.m in Sources */,
				D19EF7B51CD086350044BA84 /* QiNiuVO.m in Sources */,
				D18B47041CCFAB8300FEA8E8 /* AppDelegate.m in Sources */,
				D19EF7B81CD0864A0044BA84 /* ResultVO.m in Sources */,
				D19EF7CE1CD0898D0044BA84 /* NetworkManager.m in Sources */,
				D19EF7DA1CD0A1610044BA84 /* NSDictionary+Extends.m in Sources */,
				D19EF7D41CD09DB70044BA84 /* RequestParameter.m in Sources */,
				D19EF7DE1CD0A79F0044BA84 /* MyGroup.m in Sources */,
				D19EF79D1CD084200044BA84 /* AuditOthersVO.m in Sources */,
				D19EF7B21CD0860D0044BA84 /* NotifyVO.m in Sources */,
				D19EF7A31CD084BA0044BA84 /* BillMaterialsVO.m in Sources */,
				D19EF7BE1CD086800044BA84 /* SignInResultVO.m in Sources */,
				D19EF7A91CD0859D0044BA84 /* BillVO.m in Sources */,
				D19EF7BB1CD0865E0044BA84 /* ScheduleVO.m in Sources */,
				D19EF7AF1CD085F80044BA84 /* MessageVO.m in Sources */,
				D18B47011CCFAB8300FEA8E8 /* main.m in Sources */,
			);
			runOnlyForDeploymentPostprocessing = 0;
		};
		D18B47111CCFAB8300FEA8E8 /* Sources */ = {
			isa = PBXSourcesBuildPhase;
			buildActionMask = 2147483647;
			files = (
				D18B471A1CCFAB8300FEA8E8 /* CHManagementTests.m in Sources */,
			);
			runOnlyForDeploymentPostprocessing = 0;
		};
		D18B471C1CCFAB8300FEA8E8 /* Sources */ = {
			isa = PBXSourcesBuildPhase;
			buildActionMask = 2147483647;
			files = (
				D18B47251CCFAB8400FEA8E8 /* CHManagementUITests.m in Sources */,
			);
			runOnlyForDeploymentPostprocessing = 0;
		};
/* End PBXSourcesBuildPhase section */

/* Begin PBXTargetDependency section */
		D18B47171CCFAB8300FEA8E8 /* PBXTargetDependency */ = {
			isa = PBXTargetDependency;
			target = D18B46FB1CCFAB8300FEA8E8 /* CHManagement */;
			targetProxy = D18B47161CCFAB8300FEA8E8 /* PBXContainerItemProxy */;
		};
		D18B47221CCFAB8300FEA8E8 /* PBXTargetDependency */ = {
			isa = PBXTargetDependency;
			target = D18B46FB1CCFAB8300FEA8E8 /* CHManagement */;
			targetProxy = D18B47211CCFAB8300FEA8E8 /* PBXContainerItemProxy */;
		};
/* End PBXTargetDependency section */

/* Begin PBXVariantGroup section */
		D18B47081CCFAB8300FEA8E8 /* Main.storyboard */ = {
			isa = PBXVariantGroup;
			children = (
				D18B47091CCFAB8300FEA8E8 /* Base */,
			);
			name = Main.storyboard;
			sourceTree = "<group>";
		};
		D18B470D1CCFAB8300FEA8E8 /* LaunchScreen.storyboard */ = {
			isa = PBXVariantGroup;
			children = (
				D18B470E1CCFAB8300FEA8E8 /* Base */,
			);
			name = LaunchScreen.storyboard;
			sourceTree = "<group>";
		};
/* End PBXVariantGroup section */

/* Begin XCBuildConfiguration section */
		D18B47271CCFAB8400FEA8E8 /* Debug */ = {
			isa = XCBuildConfiguration;
			buildSettings = {
				ALWAYS_SEARCH_USER_PATHS = NO;
				CLANG_ANALYZER_NONNULL = YES;
				CLANG_CXX_LANGUAGE_STANDARD = "gnu++0x";
				CLANG_CXX_LIBRARY = "libc++";
				CLANG_ENABLE_MODULES = YES;
				CLANG_ENABLE_OBJC_ARC = YES;
				CLANG_WARN_BOOL_CONVERSION = YES;
				CLANG_WARN_CONSTANT_CONVERSION = YES;
				CLANG_WARN_DIRECT_OBJC_ISA_USAGE = YES_ERROR;
				CLANG_WARN_EMPTY_BODY = YES;
				CLANG_WARN_ENUM_CONVERSION = YES;
				CLANG_WARN_INT_CONVERSION = YES;
				CLANG_WARN_OBJC_ROOT_CLASS = YES_ERROR;
				CLANG_WARN_UNREACHABLE_CODE = YES;
				CLANG_WARN__DUPLICATE_METHOD_MATCH = YES;
				"CODE_SIGN_IDENTITY[sdk=iphoneos*]" = "iPhone Developer";
				COPY_PHASE_STRIP = NO;
				DEBUG_INFORMATION_FORMAT = dwarf;
				ENABLE_STRICT_OBJC_MSGSEND = YES;
				ENABLE_TESTABILITY = YES;
				GCC_C_LANGUAGE_STANDARD = gnu99;
				GCC_DYNAMIC_NO_PIC = NO;
				GCC_NO_COMMON_BLOCKS = YES;
				GCC_OPTIMIZATION_LEVEL = 0;
				GCC_PREPROCESSOR_DEFINITIONS = (
					"DEBUG=1",
					"$(inherited)",
				);
				GCC_WARN_64_TO_32_BIT_CONVERSION = YES;
				GCC_WARN_ABOUT_RETURN_TYPE = YES_ERROR;
				GCC_WARN_UNDECLARED_SELECTOR = YES;
				GCC_WARN_UNINITIALIZED_AUTOS = YES_AGGRESSIVE;
				GCC_WARN_UNUSED_FUNCTION = YES;
				GCC_WARN_UNUSED_VARIABLE = YES;
				IPHONEOS_DEPLOYMENT_TARGET = 9.3;
				MTL_ENABLE_DEBUG_INFO = YES;
				ONLY_ACTIVE_ARCH = YES;
				SDKROOT = iphoneos;
			};
			name = Debug;
		};
		D18B47281CCFAB8400FEA8E8 /* Release */ = {
			isa = XCBuildConfiguration;
			buildSettings = {
				ALWAYS_SEARCH_USER_PATHS = NO;
				CLANG_ANALYZER_NONNULL = YES;
				CLANG_CXX_LANGUAGE_STANDARD = "gnu++0x";
				CLANG_CXX_LIBRARY = "libc++";
				CLANG_ENABLE_MODULES = YES;
				CLANG_ENABLE_OBJC_ARC = YES;
				CLANG_WARN_BOOL_CONVERSION = YES;
				CLANG_WARN_CONSTANT_CONVERSION = YES;
				CLANG_WARN_DIRECT_OBJC_ISA_USAGE = YES_ERROR;
				CLANG_WARN_EMPTY_BODY = YES;
				CLANG_WARN_ENUM_CONVERSION = YES;
				CLANG_WARN_INT_CONVERSION = YES;
				CLANG_WARN_OBJC_ROOT_CLASS = YES_ERROR;
				CLANG_WARN_UNREACHABLE_CODE = YES;
				CLANG_WARN__DUPLICATE_METHOD_MATCH = YES;
				"CODE_SIGN_IDENTITY[sdk=iphoneos*]" = "iPhone Developer";
				COPY_PHASE_STRIP = NO;
				DEBUG_INFORMATION_FORMAT = "dwarf-with-dsym";
				ENABLE_NS_ASSERTIONS = NO;
				ENABLE_STRICT_OBJC_MSGSEND = YES;
				GCC_C_LANGUAGE_STANDARD = gnu99;
				GCC_NO_COMMON_BLOCKS = YES;
				GCC_WARN_64_TO_32_BIT_CONVERSION = YES;
				GCC_WARN_ABOUT_RETURN_TYPE = YES_ERROR;
				GCC_WARN_UNDECLARED_SELECTOR = YES;
				GCC_WARN_UNINITIALIZED_AUTOS = YES_AGGRESSIVE;
				GCC_WARN_UNUSED_FUNCTION = YES;
				GCC_WARN_UNUSED_VARIABLE = YES;
				IPHONEOS_DEPLOYMENT_TARGET = 9.3;
				MTL_ENABLE_DEBUG_INFO = NO;
				SDKROOT = iphoneos;
				VALIDATE_PRODUCT = YES;
			};
			name = Release;
		};
		D18B472A1CCFAB8400FEA8E8 /* Debug */ = {
			isa = XCBuildConfiguration;
			baseConfigurationReference = 7B7B0AC6DBE4E10D816EC340 /* Pods-CHManagement.debug.xcconfig */;
			buildSettings = {
				ASSETCATALOG_COMPILER_APPICON_NAME = AppIcon;
				INFOPLIST_FILE = CHManagement/Info.plist;
				LD_RUNPATH_SEARCH_PATHS = "$(inherited) @executable_path/Frameworks";
				PRODUCT_BUNDLE_IDENTIFIER = com.ChuHuai.CHManagement;
				PRODUCT_NAME = "$(TARGET_NAME)";
			};
			name = Debug;
		};
		D18B472B1CCFAB8400FEA8E8 /* Release */ = {
			isa = XCBuildConfiguration;
			baseConfigurationReference = 2C70A178924B476A49005E9F /* Pods-CHManagement.release.xcconfig */;
			buildSettings = {
				ASSETCATALOG_COMPILER_APPICON_NAME = AppIcon;
				INFOPLIST_FILE = CHManagement/Info.plist;
				LD_RUNPATH_SEARCH_PATHS = "$(inherited) @executable_path/Frameworks";
				PRODUCT_BUNDLE_IDENTIFIER = com.ChuHuai.CHManagement;
				PRODUCT_NAME = "$(TARGET_NAME)";
			};
			name = Release;
		};
		D18B472D1CCFAB8400FEA8E8 /* Debug */ = {
			isa = XCBuildConfiguration;
			buildSettings = {
				BUNDLE_LOADER = "$(TEST_HOST)";
				INFOPLIST_FILE = CHManagementTests/Info.plist;
				LD_RUNPATH_SEARCH_PATHS = "$(inherited) @executable_path/Frameworks @loader_path/Frameworks";
				PRODUCT_BUNDLE_IDENTIFIER = com.ChuHuai.CHManagementTests;
				PRODUCT_NAME = "$(TARGET_NAME)";
				TEST_HOST = "$(BUILT_PRODUCTS_DIR)/CHManagement.app/CHManagement";
			};
			name = Debug;
		};
		D18B472E1CCFAB8400FEA8E8 /* Release */ = {
			isa = XCBuildConfiguration;
			buildSettings = {
				BUNDLE_LOADER = "$(TEST_HOST)";
				INFOPLIST_FILE = CHManagementTests/Info.plist;
				LD_RUNPATH_SEARCH_PATHS = "$(inherited) @executable_path/Frameworks @loader_path/Frameworks";
				PRODUCT_BUNDLE_IDENTIFIER = com.ChuHuai.CHManagementTests;
				PRODUCT_NAME = "$(TARGET_NAME)";
				TEST_HOST = "$(BUILT_PRODUCTS_DIR)/CHManagement.app/CHManagement";
			};
			name = Release;
		};
		D18B47301CCFAB8400FEA8E8 /* Debug */ = {
			isa = XCBuildConfiguration;
			buildSettings = {
				INFOPLIST_FILE = CHManagementUITests/Info.plist;
				LD_RUNPATH_SEARCH_PATHS = "$(inherited) @executable_path/Frameworks @loader_path/Frameworks";
				PRODUCT_BUNDLE_IDENTIFIER = com.ChuHuai.CHManagementUITests;
				PRODUCT_NAME = "$(TARGET_NAME)";
				TEST_TARGET_NAME = CHManagement;
			};
			name = Debug;
		};
		D18B47311CCFAB8400FEA8E8 /* Release */ = {
			isa = XCBuildConfiguration;
			buildSettings = {
				INFOPLIST_FILE = CHManagementUITests/Info.plist;
				LD_RUNPATH_SEARCH_PATHS = "$(inherited) @executable_path/Frameworks @loader_path/Frameworks";
				PRODUCT_BUNDLE_IDENTIFIER = com.ChuHuai.CHManagementUITests;
				PRODUCT_NAME = "$(TARGET_NAME)";
				TEST_TARGET_NAME = CHManagement;
			};
			name = Release;
		};
/* End XCBuildConfiguration section */

/* Begin XCConfigurationList section */
		D18B46F71CCFAB8300FEA8E8 /* Build configuration list for PBXProject "CHManagement" */ = {
			isa = XCConfigurationList;
			buildConfigurations = (
				D18B47271CCFAB8400FEA8E8 /* Debug */,
				D18B47281CCFAB8400FEA8E8 /* Release */,
			);
			defaultConfigurationIsVisible = 0;
			defaultConfigurationName = Release;
		};
		D18B47291CCFAB8400FEA8E8 /* Build configuration list for PBXNativeTarget "CHManagement" */ = {
			isa = XCConfigurationList;
			buildConfigurations = (
				D18B472A1CCFAB8400FEA8E8 /* Debug */,
				D18B472B1CCFAB8400FEA8E8 /* Release */,
			);
			defaultConfigurationIsVisible = 0;
			defaultConfigurationName = Release;
		};
		D18B472C1CCFAB8400FEA8E8 /* Build configuration list for PBXNativeTarget "CHManagementTests" */ = {
			isa = XCConfigurationList;
			buildConfigurations = (
				D18B472D1CCFAB8400FEA8E8 /* Debug */,
				D18B472E1CCFAB8400FEA8E8 /* Release */,
			);
			defaultConfigurationIsVisible = 0;
			defaultConfigurationName = Release;
		};
		D18B472F1CCFAB8400FEA8E8 /* Build configuration list for PBXNativeTarget "CHManagementUITests" */ = {
			isa = XCConfigurationList;
			buildConfigurations = (
				D18B47301CCFAB8400FEA8E8 /* Debug */,
				D18B47311CCFAB8400FEA8E8 /* Release */,
			);
			defaultConfigurationIsVisible = 0;
			defaultConfigurationName = Release;
		};
/* End XCConfigurationList section */
	};
	rootObject = D18B46F41CCFAB8300FEA8E8 /* Project object */;
}
