// !$*UTF8*$!
{
	archiveVersion = 1;
	classes = {
	};
	objectVersion = 46;
	objects = {

/* Begin PBXBuildFile section */
		C500E2371CD0A4C400DF960B /* MainViewController.m in Sources */ = {isa = PBXBuildFile; fileRef = C500E2361CD0A4C400DF960B /* MainViewController.m */; };
		C500E23A1CD0ADAA00DF960B /* LeftMenuViewController.m in Sources */ = {isa = PBXBuildFile; fileRef = C500E2391CD0ADAA00DF960B /* LeftMenuViewController.m */; };
		C500E23D1CD0ADBA00DF960B /* ContentViewController.m in Sources */ = {isa = PBXBuildFile; fileRef = C500E23C1CD0ADBA00DF960B /* ContentViewController.m */; };
		C500E2401CD0D9EF00DF960B /* SignInViewController.m in Sources */ = {isa = PBXBuildFile; fileRef = C500E23F1CD0D9EF00DF960B /* SignInViewController.m */; };
		C5557F711CD0F143006EC41D /* NetworkFile.m in Sources */ = {isa = PBXBuildFile; fileRef = C5557F6A1CD0F143006EC41D /* NetworkFile.m */; };
		C5557F721CD0F143006EC41D /* NetworkManager.m in Sources */ = {isa = PBXBuildFile; fileRef = C5557F6C1CD0F143006EC41D /* NetworkManager.m */; };
		C5557F731CD0F143006EC41D /* NSDictionary+Extends.m in Sources */ = {isa = PBXBuildFile; fileRef = C5557F6E1CD0F143006EC41D /* NSDictionary+Extends.m */; };
		C5557F741CD0F143006EC41D /* RequestParameter.m in Sources */ = {isa = PBXBuildFile; fileRef = C5557F701CD0F143006EC41D /* RequestParameter.m */; };
		C5557F7A1CD0F154006EC41D /* MyGroup.m in Sources */ = {isa = PBXBuildFile; fileRef = C5557F771CD0F154006EC41D /* MyGroup.m */; };
		C5557F7B1CD0F154006EC41D /* Role.m in Sources */ = {isa = PBXBuildFile; fileRef = C5557F791CD0F154006EC41D /* Role.m */; };
		C5557FA31CD0F15E006EC41D /* AccountVO.m in Sources */ = {isa = PBXBuildFile; fileRef = C5557F7E1CD0F15E006EC41D /* AccountVO.m */; };
		C5557FA41CD0F15E006EC41D /* ActivityVO.m in Sources */ = {isa = PBXBuildFile; fileRef = C5557F801CD0F15E006EC41D /* ActivityVO.m */; };
		C5557FA51CD0F15E006EC41D /* AuditMaterialsVO.m in Sources */ = {isa = PBXBuildFile; fileRef = C5557F821CD0F15E006EC41D /* AuditMaterialsVO.m */; };
		C5557FA61CD0F15E006EC41D /* AuditOthersVO.m in Sources */ = {isa = PBXBuildFile; fileRef = C5557F841CD0F15E006EC41D /* AuditOthersVO.m */; };
		C5557FA71CD0F15E006EC41D /* BillBuildingVO.m in Sources */ = {isa = PBXBuildFile; fileRef = C5557F861CD0F15E006EC41D /* BillBuildingVO.m */; };
		C5557FA81CD0F15E006EC41D /* BillMaterialsVO.m in Sources */ = {isa = PBXBuildFile; fileRef = C5557F881CD0F15E006EC41D /* BillMaterialsVO.m */; };
		C5557FA91CD0F15E006EC41D /* BillOthersVO.m in Sources */ = {isa = PBXBuildFile; fileRef = C5557F8A1CD0F15E006EC41D /* BillOthersVO.m */; };
		C5557FAA1CD0F15E006EC41D /* BillVO.m in Sources */ = {isa = PBXBuildFile; fileRef = C5557F8C1CD0F15E006EC41D /* BillVO.m */; };
		C5557FAB1CD0F15E006EC41D /* FileVO.m in Sources */ = {isa = PBXBuildFile; fileRef = C5557F8E1CD0F15E006EC41D /* FileVO.m */; };
		C5557FAC1CD0F15E006EC41D /* MessageVO.m in Sources */ = {isa = PBXBuildFile; fileRef = C5557F901CD0F15E006EC41D /* MessageVO.m */; };
		C5557FAD1CD0F15E006EC41D /* NotifyVO.m in Sources */ = {isa = PBXBuildFile; fileRef = C5557F921CD0F15E006EC41D /* NotifyVO.m */; };
		C5557FAE1CD0F15E006EC41D /* QiNiuVO.m in Sources */ = {isa = PBXBuildFile; fileRef = C5557F941CD0F15E006EC41D /* QiNiuVO.m */; };
		C5557FAF1CD0F15E006EC41D /* ResultVO.m in Sources */ = {isa = PBXBuildFile; fileRef = C5557F961CD0F15E006EC41D /* ResultVO.m */; };
		C5557FB01CD0F15E006EC41D /* ScheduleVO.m in Sources */ = {isa = PBXBuildFile; fileRef = C5557F981CD0F15E006EC41D /* ScheduleVO.m */; };
		C5557FB11CD0F15E006EC41D /* SignInResultVO.m in Sources */ = {isa = PBXBuildFile; fileRef = C5557F9A1CD0F15E006EC41D /* SignInResultVO.m */; };
		C5557FB21CD0F15E006EC41D /* SignStatusVO.m in Sources */ = {isa = PBXBuildFile; fileRef = C5557F9C1CD0F15E006EC41D /* SignStatusVO.m */; };
		C5557FB31CD0F15E006EC41D /* UserShortVO.m in Sources */ = {isa = PBXBuildFile; fileRef = C5557F9E1CD0F15E006EC41D /* UserShortVO.m */; };
		C5557FB41CD0F15E006EC41D /* UserVO.m in Sources */ = {isa = PBXBuildFile; fileRef = C5557FA01CD0F15E006EC41D /* UserVO.m */; };
		C5557FB51CD0F15E006EC41D /* VOWrapper.m in Sources */ = {isa = PBXBuildFile; fileRef = C5557FA21CD0F15E006EC41D /* VOWrapper.m */; };
		C5971B9B1CD39A7200C6B263 /* MBProgressHUD+Extends.m in Sources */ = {isa = PBXBuildFile; fileRef = C5971B9A1CD39A7200C6B263 /* MBProgressHUD+Extends.m */; };
		C5971B9E1CD3B49A00C6B263 /* ModifyPasswordVC.m in Sources */ = {isa = PBXBuildFile; fileRef = C5971B9D1CD3B49A00C6B263 /* ModifyPasswordVC.m */; };
		C5971BA11CD3B61500C6B263 /* ActivityTVC.m in Sources */ = {isa = PBXBuildFile; fileRef = C5971BA01CD3B61500C6B263 /* ActivityTVC.m */; };
		C5971BA71CD3B83500C6B263 /* ActivityCell.xib in Resources */ = {isa = PBXBuildFile; fileRef = C5971BA61CD3B83500C6B263 /* ActivityCell.xib */; };
		C5971BAA1CD3B8C500C6B263 /* ActivityCell.m in Sources */ = {isa = PBXBuildFile; fileRef = C5971BA91CD3B8C500C6B263 /* ActivityCell.m */; };
		C5971BAD1CD3C18400C6B263 /* AddActivityTVC.m in Sources */ = {isa = PBXBuildFile; fileRef = C5971BAC1CD3C18400C6B263 /* AddActivityTVC.m */; };
		C5971BB11CD4F85900C6B263 /* LoadMoreCell.xib in Resources */ = {isa = PBXBuildFile; fileRef = C5971BB01CD4F85900C6B263 /* LoadMoreCell.xib */; };
		C5971BB41CD4F88500C6B263 /* LoadMoreCell.m in Sources */ = {isa = PBXBuildFile; fileRef = C5971BB31CD4F88500C6B263 /* LoadMoreCell.m */; };
		C5971BB71CD5D38900C6B263 /* PlanTVC.m in Sources */ = {isa = PBXBuildFile; fileRef = C5971BB61CD5D38900C6B263 /* PlanTVC.m */; };
		C5971BBA1CD5D46500C6B263 /* AddPlanVC.m in Sources */ = {isa = PBXBuildFile; fileRef = C5971BB91CD5D46500C6B263 /* AddPlanVC.m */; };
		C5971BBC1CD5DA8A00C6B263 /* FileCell.xib in Resources */ = {isa = PBXBuildFile; fileRef = C5971BBB1CD5DA8A00C6B263 /* FileCell.xib */; };
		C5971BBF1CD5DD0B00C6B263 /* FileCell.m in Sources */ = {isa = PBXBuildFile; fileRef = C5971BBE1CD5DD0B00C6B263 /* FileCell.m */; };
		C5971BC51CD5DD5F00C6B263 /* FileTVC.m in Sources */ = {isa = PBXBuildFile; fileRef = C5971BC41CD5DD5F00C6B263 /* FileTVC.m */; };
		C5971BC81CD5DFCE00C6B263 /* UploadFileVC.m in Sources */ = {isa = PBXBuildFile; fileRef = C5971BC71CD5DFCE00C6B263 /* UploadFileVC.m */; };
		C5971BCB1CD5E88100C6B263 /* MailBoxVC.m in Sources */ = {isa = PBXBuildFile; fileRef = C5971BCA1CD5E88100C6B263 /* MailBoxVC.m */; };
		C5971BCE1CD5EA8200C6B263 /* InboxTVC.m in Sources */ = {isa = PBXBuildFile; fileRef = C5971BCD1CD5EA8200C6B263 /* InboxTVC.m */; };
		C5971BD11CD5EA9E00C6B263 /* OutboxTVC.m in Sources */ = {isa = PBXBuildFile; fileRef = C5971BD01CD5EA9E00C6B263 /* OutboxTVC.m */; };
		C5971BD31CD5EE2B00C6B263 /* MailCell.xib in Resources */ = {isa = PBXBuildFile; fileRef = C5971BD21CD5EE2B00C6B263 /* MailCell.xib */; };
		C5971BD61CD5EE4100C6B263 /* MailCell.m in Sources */ = {isa = PBXBuildFile; fileRef = C5971BD51CD5EE4100C6B263 /* MailCell.m */; };
		C5971BD91CD5F3E700C6B263 /* SendMailTVC.m in Sources */ = {isa = PBXBuildFile; fileRef = C5971BD81CD5F3E700C6B263 /* SendMailTVC.m */; };
		C5971BE01CD7561D00C6B263 /* TabItem.m in Sources */ = {isa = PBXBuildFile; fileRef = C5971BDF1CD7561D00C6B263 /* TabItem.m */; };
		C5971BE31CD78CAB00C6B263 /* YesterdayPlanTVC.m in Sources */ = {isa = PBXBuildFile; fileRef = C5971BE21CD78CAB00C6B263 /* YesterdayPlanTVC.m */; };
		C5971BE61CD78CBF00C6B263 /* TodayPlanTVC.m in Sources */ = {isa = PBXBuildFile; fileRef = C5971BE51CD78CBF00C6B263 /* TodayPlanTVC.m */; };
		C5971BE91CD78CD200C6B263 /* TomorrowPlanTVC.m in Sources */ = {isa = PBXBuildFile; fileRef = C5971BE81CD78CD200C6B263 /* TomorrowPlanTVC.m */; };
		C5971BEC1CD7943A00C6B263 /* TabbedScrollViewController.m in Sources */ = {isa = PBXBuildFile; fileRef = C5971BEB1CD7943A00C6B263 /* TabbedScrollViewController.m */; };
		C77588897E5F93D6E9FDB819 /* libPods-CHManagement.a in Frameworks */ = {isa = PBXBuildFile; fileRef = 788E4E2103EA159DBCEBA920 /* libPods-CHManagement.a */; };
		D18B47011CCFAB8300FEA8E8 /* main.m in Sources */ = {isa = PBXBuildFile; fileRef = D18B47001CCFAB8300FEA8E8 /* main.m */; };
		D18B47041CCFAB8300FEA8E8 /* AppDelegate.m in Sources */ = {isa = PBXBuildFile; fileRef = D18B47031CCFAB8300FEA8E8 /* AppDelegate.m */; };
		D18B470A1CCFAB8300FEA8E8 /* Main.storyboard in Resources */ = {isa = PBXBuildFile; fileRef = D18B47081CCFAB8300FEA8E8 /* Main.storyboard */; };
		D18B470C1CCFAB8300FEA8E8 /* Assets.xcassets in Resources */ = {isa = PBXBuildFile; fileRef = D18B470B1CCFAB8300FEA8E8 /* Assets.xcassets */; };
		D18B470F1CCFAB8300FEA8E8 /* LaunchScreen.storyboard in Resources */ = {isa = PBXBuildFile; fileRef = D18B470D1CCFAB8300FEA8E8 /* LaunchScreen.storyboard */; };
		D18B471A1CCFAB8300FEA8E8 /* CHManagementTests.m in Sources */ = {isa = PBXBuildFile; fileRef = D18B47191CCFAB8300FEA8E8 /* CHManagementTests.m */; };
		D18B47251CCFAB8400FEA8E8 /* CHManagementUITests.m in Sources */ = {isa = PBXBuildFile; fileRef = D18B47241CCFAB8400FEA8E8 /* CHManagementUITests.m */; };
		D19EF82F1CD647B90044BA84 /* IDEntity.m in Sources */ = {isa = PBXBuildFile; fileRef = D19EF82E1CD647B90044BA84 /* IDEntity.m */; };
/* End PBXBuildFile section */

/* Begin PBXContainerItemProxy section */
		D18B47161CCFAB8300FEA8E8 /* PBXContainerItemProxy */ = {
			isa = PBXContainerItemProxy;
			containerPortal = D18B46F41CCFAB8300FEA8E8 /* Project object */;
			proxyType = 1;
			remoteGlobalIDString = D18B46FB1CCFAB8300FEA8E8;
			remoteInfo = CHManagement;
		};
		D18B47211CCFAB8300FEA8E8 /* PBXContainerItemProxy */ = {
			isa = PBXContainerItemProxy;
			containerPortal = D18B46F41CCFAB8300FEA8E8 /* Project object */;
			proxyType = 1;
			remoteGlobalIDString = D18B46FB1CCFAB8300FEA8E8;
			remoteInfo = CHManagement;
		};
/* End PBXContainerItemProxy section */

/* Begin PBXFileReference section */
		2C70A178924B476A49005E9F /* Pods-CHManagement.release.xcconfig */ = {isa = PBXFileReference; includeInIndex = 1; lastKnownFileType = text.xcconfig; name = "Pods-CHManagement.release.xcconfig"; path = "Pods/Target Support Files/Pods-CHManagement/Pods-CHManagement.release.xcconfig"; sourceTree = "<group>"; };
		788E4E2103EA159DBCEBA920 /* libPods-CHManagement.a */ = {isa = PBXFileReference; explicitFileType = archive.ar; includeInIndex = 0; path = "libPods-CHManagement.a"; sourceTree = BUILT_PRODUCTS_DIR; };
		7B7B0AC6DBE4E10D816EC340 /* Pods-CHManagement.debug.xcconfig */ = {isa = PBXFileReference; includeInIndex = 1; lastKnownFileType = text.xcconfig; name = "Pods-CHManagement.debug.xcconfig"; path = "Pods/Target Support Files/Pods-CHManagement/Pods-CHManagement.debug.xcconfig"; sourceTree = "<group>"; };
		C500E2351CD0A4C400DF960B /* MainViewController.h */ = {isa = PBXFileReference; fileEncoding = 4; lastKnownFileType = sourcecode.c.h; name = MainViewController.h; path = Controller/MainViewController.h; sourceTree = "<group>"; };
		C500E2361CD0A4C400DF960B /* MainViewController.m */ = {isa = PBXFileReference; fileEncoding = 4; lastKnownFileType = sourcecode.c.objc; name = MainViewController.m; path = Controller/MainViewController.m; sourceTree = "<group>"; };
		C500E2381CD0ADAA00DF960B /* LeftMenuViewController.h */ = {isa = PBXFileReference; fileEncoding = 4; lastKnownFileType = sourcecode.c.h; name = LeftMenuViewController.h; path = Controller/LeftMenuViewController.h; sourceTree = "<group>"; };
		C500E2391CD0ADAA00DF960B /* LeftMenuViewController.m */ = {isa = PBXFileReference; fileEncoding = 4; lastKnownFileType = sourcecode.c.objc; name = LeftMenuViewController.m; path = Controller/LeftMenuViewController.m; sourceTree = "<group>"; };
		C500E23B1CD0ADBA00DF960B /* ContentViewController.h */ = {isa = PBXFileReference; fileEncoding = 4; lastKnownFileType = sourcecode.c.h; name = ContentViewController.h; path = Controller/ContentViewController.h; sourceTree = "<group>"; };
		C500E23C1CD0ADBA00DF960B /* ContentViewController.m */ = {isa = PBXFileReference; fileEncoding = 4; lastKnownFileType = sourcecode.c.objc; name = ContentViewController.m; path = Controller/ContentViewController.m; sourceTree = "<group>"; };
		C500E23E1CD0D9EF00DF960B /* SignInViewController.h */ = {isa = PBXFileReference; fileEncoding = 4; lastKnownFileType = sourcecode.c.h; name = SignInViewController.h; path = Controller/SignInViewController.h; sourceTree = "<group>"; };
		C500E23F1CD0D9EF00DF960B /* SignInViewController.m */ = {isa = PBXFileReference; fileEncoding = 4; lastKnownFileType = sourcecode.c.objc; name = SignInViewController.m; path = Controller/SignInViewController.m; sourceTree = "<group>"; };
		C5557F691CD0F143006EC41D /* NetworkFile.h */ = {isa = PBXFileReference; fileEncoding = 4; lastKnownFileType = sourcecode.c.h; path = NetworkFile.h; sourceTree = "<group>"; };
		C5557F6A1CD0F143006EC41D /* NetworkFile.m */ = {isa = PBXFileReference; fileEncoding = 4; lastKnownFileType = sourcecode.c.objc; path = NetworkFile.m; sourceTree = "<group>"; };
		C5557F6B1CD0F143006EC41D /* NetworkManager.h */ = {isa = PBXFileReference; fileEncoding = 4; lastKnownFileType = sourcecode.c.h; path = NetworkManager.h; sourceTree = "<group>"; };
		C5557F6C1CD0F143006EC41D /* NetworkManager.m */ = {isa = PBXFileReference; fileEncoding = 4; lastKnownFileType = sourcecode.c.objc; path = NetworkManager.m; sourceTree = "<group>"; };
		C5557F6D1CD0F143006EC41D /* NSDictionary+Extends.h */ = {isa = PBXFileReference; fileEncoding = 4; lastKnownFileType = sourcecode.c.h; name = "NSDictionary+Extends.h"; path = "NetworkService/NSDictionary+Extends.h"; sourceTree = "<group>"; };
		C5557F6E1CD0F143006EC41D /* NSDictionary+Extends.m */ = {isa = PBXFileReference; fileEncoding = 4; lastKnownFileType = sourcecode.c.objc; name = "NSDictionary+Extends.m"; path = "NetworkService/NSDictionary+Extends.m"; sourceTree = "<group>"; };
		C5557F6F1CD0F143006EC41D /* RequestParameter.h */ = {isa = PBXFileReference; fileEncoding = 4; lastKnownFileType = sourcecode.c.h; path = RequestParameter.h; sourceTree = "<group>"; };
		C5557F701CD0F143006EC41D /* RequestParameter.m */ = {isa = PBXFileReference; fileEncoding = 4; lastKnownFileType = sourcecode.c.objc; path = RequestParameter.m; sourceTree = "<group>"; };
		C5557F761CD0F154006EC41D /* MyGroup.h */ = {isa = PBXFileReference; fileEncoding = 4; lastKnownFileType = sourcecode.c.h; path = MyGroup.h; sourceTree = "<group>"; };
		C5557F771CD0F154006EC41D /* MyGroup.m */ = {isa = PBXFileReference; fileEncoding = 4; lastKnownFileType = sourcecode.c.objc; path = MyGroup.m; sourceTree = "<group>"; };
		C5557F781CD0F154006EC41D /* Role.h */ = {isa = PBXFileReference; fileEncoding = 4; lastKnownFileType = sourcecode.c.h; path = Role.h; sourceTree = "<group>"; };
		C5557F791CD0F154006EC41D /* Role.m */ = {isa = PBXFileReference; fileEncoding = 4; lastKnownFileType = sourcecode.c.objc; path = Role.m; sourceTree = "<group>"; };
		C5557F7D1CD0F15E006EC41D /* AccountVO.h */ = {isa = PBXFileReference; fileEncoding = 4; lastKnownFileType = sourcecode.c.h; path = AccountVO.h; sourceTree = "<group>"; };
		C5557F7E1CD0F15E006EC41D /* AccountVO.m */ = {isa = PBXFileReference; fileEncoding = 4; lastKnownFileType = sourcecode.c.objc; path = AccountVO.m; sourceTree = "<group>"; };
		C5557F7F1CD0F15E006EC41D /* ActivityVO.h */ = {isa = PBXFileReference; fileEncoding = 4; lastKnownFileType = sourcecode.c.h; path = ActivityVO.h; sourceTree = "<group>"; };
		C5557F801CD0F15E006EC41D /* ActivityVO.m */ = {isa = PBXFileReference; fileEncoding = 4; lastKnownFileType = sourcecode.c.objc; path = ActivityVO.m; sourceTree = "<group>"; };
		C5557F811CD0F15E006EC41D /* AuditMaterialsVO.h */ = {isa = PBXFileReference; fileEncoding = 4; lastKnownFileType = sourcecode.c.h; path = AuditMaterialsVO.h; sourceTree = "<group>"; };
		C5557F821CD0F15E006EC41D /* AuditMaterialsVO.m */ = {isa = PBXFileReference; fileEncoding = 4; lastKnownFileType = sourcecode.c.objc; path = AuditMaterialsVO.m; sourceTree = "<group>"; };
		C5557F831CD0F15E006EC41D /* AuditOthersVO.h */ = {isa = PBXFileReference; fileEncoding = 4; lastKnownFileType = sourcecode.c.h; path = AuditOthersVO.h; sourceTree = "<group>"; };
		C5557F841CD0F15E006EC41D /* AuditOthersVO.m */ = {isa = PBXFileReference; fileEncoding = 4; lastKnownFileType = sourcecode.c.objc; path = AuditOthersVO.m; sourceTree = "<group>"; };
		C5557F851CD0F15E006EC41D /* BillBuildingVO.h */ = {isa = PBXFileReference; fileEncoding = 4; lastKnownFileType = sourcecode.c.h; path = BillBuildingVO.h; sourceTree = "<group>"; };
		C5557F861CD0F15E006EC41D /* BillBuildingVO.m */ = {isa = PBXFileReference; fileEncoding = 4; lastKnownFileType = sourcecode.c.objc; path = BillBuildingVO.m; sourceTree = "<group>"; };
		C5557F871CD0F15E006EC41D /* BillMaterialsVO.h */ = {isa = PBXFileReference; fileEncoding = 4; lastKnownFileType = sourcecode.c.h; path = BillMaterialsVO.h; sourceTree = "<group>"; };
		C5557F881CD0F15E006EC41D /* BillMaterialsVO.m */ = {isa = PBXFileReference; fileEncoding = 4; lastKnownFileType = sourcecode.c.objc; path = BillMaterialsVO.m; sourceTree = "<group>"; };
		C5557F891CD0F15E006EC41D /* BillOthersVO.h */ = {isa = PBXFileReference; fileEncoding = 4; lastKnownFileType = sourcecode.c.h; path = BillOthersVO.h; sourceTree = "<group>"; };
		C5557F8A1CD0F15E006EC41D /* BillOthersVO.m */ = {isa = PBXFileReference; fileEncoding = 4; lastKnownFileType = sourcecode.c.objc; path = BillOthersVO.m; sourceTree = "<group>"; };
		C5557F8B1CD0F15E006EC41D /* BillVO.h */ = {isa = PBXFileReference; fileEncoding = 4; lastKnownFileType = sourcecode.c.h; path = BillVO.h; sourceTree = "<group>"; };
		C5557F8C1CD0F15E006EC41D /* BillVO.m */ = {isa = PBXFileReference; fileEncoding = 4; lastKnownFileType = sourcecode.c.objc; path = BillVO.m; sourceTree = "<group>"; };
		C5557F8D1CD0F15E006EC41D /* FileVO.h */ = {isa = PBXFileReference; fileEncoding = 4; lastKnownFileType = sourcecode.c.h; path = FileVO.h; sourceTree = "<group>"; };
		C5557F8E1CD0F15E006EC41D /* FileVO.m */ = {isa = PBXFileReference; fileEncoding = 4; lastKnownFileType = sourcecode.c.objc; path = FileVO.m; sourceTree = "<group>"; };
		C5557F8F1CD0F15E006EC41D /* MessageVO.h */ = {isa = PBXFileReference; fileEncoding = 4; lastKnownFileType = sourcecode.c.h; path = MessageVO.h; sourceTree = "<group>"; };
		C5557F901CD0F15E006EC41D /* MessageVO.m */ = {isa = PBXFileReference; fileEncoding = 4; lastKnownFileType = sourcecode.c.objc; path = MessageVO.m; sourceTree = "<group>"; };
		C5557F911CD0F15E006EC41D /* NotifyVO.h */ = {isa = PBXFileReference; fileEncoding = 4; lastKnownFileType = sourcecode.c.h; path = NotifyVO.h; sourceTree = "<group>"; };
		C5557F921CD0F15E006EC41D /* NotifyVO.m */ = {isa = PBXFileReference; fileEncoding = 4; lastKnownFileType = sourcecode.c.objc; path = NotifyVO.m; sourceTree = "<group>"; };
		C5557F931CD0F15E006EC41D /* QiNiuVO.h */ = {isa = PBXFileReference; fileEncoding = 4; lastKnownFileType = sourcecode.c.h; path = QiNiuVO.h; sourceTree = "<group>"; };
		C5557F941CD0F15E006EC41D /* QiNiuVO.m */ = {isa = PBXFileReference; fileEncoding = 4; lastKnownFileType = sourcecode.c.objc; path = QiNiuVO.m; sourceTree = "<group>"; };
		C5557F951CD0F15E006EC41D /* ResultVO.h */ = {isa = PBXFileReference; fileEncoding = 4; lastKnownFileType = sourcecode.c.h; path = ResultVO.h; sourceTree = "<group>"; };
		C5557F961CD0F15E006EC41D /* ResultVO.m */ = {isa = PBXFileReference; fileEncoding = 4; lastKnownFileType = sourcecode.c.objc; path = ResultVO.m; sourceTree = "<group>"; };
		C5557F971CD0F15E006EC41D /* ScheduleVO.h */ = {isa = PBXFileReference; fileEncoding = 4; lastKnownFileType = sourcecode.c.h; path = ScheduleVO.h; sourceTree = "<group>"; };
		C5557F981CD0F15E006EC41D /* ScheduleVO.m */ = {isa = PBXFileReference; fileEncoding = 4; lastKnownFileType = sourcecode.c.objc; path = ScheduleVO.m; sourceTree = "<group>"; };
		C5557F991CD0F15E006EC41D /* SignInResultVO.h */ = {isa = PBXFileReference; fileEncoding = 4; lastKnownFileType = sourcecode.c.h; path = SignInResultVO.h; sourceTree = "<group>"; };
		C5557F9A1CD0F15E006EC41D /* SignInResultVO.m */ = {isa = PBXFileReference; fileEncoding = 4; lastKnownFileType = sourcecode.c.objc; path = SignInResultVO.m; sourceTree = "<group>"; };
		C5557F9B1CD0F15E006EC41D /* SignStatusVO.h */ = {isa = PBXFileReference; fileEncoding = 4; lastKnownFileType = sourcecode.c.h; path = SignStatusVO.h; sourceTree = "<group>"; };
		C5557F9C1CD0F15E006EC41D /* SignStatusVO.m */ = {isa = PBXFileReference; fileEncoding = 4; lastKnownFileType = sourcecode.c.objc; path = SignStatusVO.m; sourceTree = "<group>"; };
		C5557F9D1CD0F15E006EC41D /* UserShortVO.h */ = {isa = PBXFileReference; fileEncoding = 4; lastKnownFileType = sourcecode.c.h; path = UserShortVO.h; sourceTree = "<group>"; };
		C5557F9E1CD0F15E006EC41D /* UserShortVO.m */ = {isa = PBXFileReference; fileEncoding = 4; lastKnownFileType = sourcecode.c.objc; path = UserShortVO.m; sourceTree = "<group>"; };
		C5557F9F1CD0F15E006EC41D /* UserVO.h */ = {isa = PBXFileReference; fileEncoding = 4; lastKnownFileType = sourcecode.c.h; path = UserVO.h; sourceTree = "<group>"; };
		C5557FA01CD0F15E006EC41D /* UserVO.m */ = {isa = PBXFileReference; fileEncoding = 4; lastKnownFileType = sourcecode.c.objc; path = UserVO.m; sourceTree = "<group>"; };
		C5557FA11CD0F15E006EC41D /* VOWrapper.h */ = {isa = PBXFileReference; fileEncoding = 4; lastKnownFileType = sourcecode.c.h; path = VOWrapper.h; sourceTree = "<group>"; };
		C5557FA21CD0F15E006EC41D /* VOWrapper.m */ = {isa = PBXFileReference; fileEncoding = 4; lastKnownFileType = sourcecode.c.objc; path = VOWrapper.m; sourceTree = "<group>"; };
		C5971B991CD39A7200C6B263 /* MBProgressHUD+Extends.h */ = {isa = PBXFileReference; fileEncoding = 4; lastKnownFileType = sourcecode.c.h; name = "MBProgressHUD+Extends.h"; path = "Extends/MBProgressHUD+Extends.h"; sourceTree = "<group>"; };
		C5971B9A1CD39A7200C6B263 /* MBProgressHUD+Extends.m */ = {isa = PBXFileReference; fileEncoding = 4; lastKnownFileType = sourcecode.c.objc; name = "MBProgressHUD+Extends.m"; path = "Extends/MBProgressHUD+Extends.m"; sourceTree = "<group>"; };
		C5971B9C1CD3B49A00C6B263 /* ModifyPasswordVC.h */ = {isa = PBXFileReference; fileEncoding = 4; lastKnownFileType = sourcecode.c.h; name = ModifyPasswordVC.h; path = Controller/ModifyPasswordVC.h; sourceTree = "<group>"; };
		C5971B9D1CD3B49A00C6B263 /* ModifyPasswordVC.m */ = {isa = PBXFileReference; fileEncoding = 4; lastKnownFileType = sourcecode.c.objc; name = ModifyPasswordVC.m; path = Controller/ModifyPasswordVC.m; sourceTree = "<group>"; };
		C5971B9F1CD3B61500C6B263 /* ActivityTVC.h */ = {isa = PBXFileReference; fileEncoding = 4; lastKnownFileType = sourcecode.c.h; name = ActivityTVC.h; path = Controller/ActivityTVC.h; sourceTree = "<group>"; };
		C5971BA01CD3B61500C6B263 /* ActivityTVC.m */ = {isa = PBXFileReference; fileEncoding = 4; lastKnownFileType = sourcecode.c.objc; name = ActivityTVC.m; path = Controller/ActivityTVC.m; sourceTree = "<group>"; };
		C5971BA61CD3B83500C6B263 /* ActivityCell.xib */ = {isa = PBXFileReference; fileEncoding = 4; lastKnownFileType = file.xib; name = ActivityCell.xib; path = View/ActivityCell.xib; sourceTree = "<group>"; };
		C5971BA81CD3B8C500C6B263 /* ActivityCell.h */ = {isa = PBXFileReference; fileEncoding = 4; lastKnownFileType = sourcecode.c.h; name = ActivityCell.h; path = View/ActivityCell.h; sourceTree = "<group>"; };
		C5971BA91CD3B8C500C6B263 /* ActivityCell.m */ = {isa = PBXFileReference; fileEncoding = 4; lastKnownFileType = sourcecode.c.objc; name = ActivityCell.m; path = View/ActivityCell.m; sourceTree = "<group>"; };
		C5971BAB1CD3C18400C6B263 /* AddActivityTVC.h */ = {isa = PBXFileReference; fileEncoding = 4; lastKnownFileType = sourcecode.c.h; name = AddActivityTVC.h; path = Controller/AddActivityTVC.h; sourceTree = "<group>"; };
		C5971BAC1CD3C18400C6B263 /* AddActivityTVC.m */ = {isa = PBXFileReference; fileEncoding = 4; lastKnownFileType = sourcecode.c.objc; name = AddActivityTVC.m; path = Controller/AddActivityTVC.m; sourceTree = "<group>"; };
		C5971BB01CD4F85900C6B263 /* LoadMoreCell.xib */ = {isa = PBXFileReference; fileEncoding = 4; lastKnownFileType = file.xib; name = LoadMoreCell.xib; path = View/LoadMoreCell.xib; sourceTree = "<group>"; };
		C5971BB21CD4F88500C6B263 /* LoadMoreCell.h */ = {isa = PBXFileReference; fileEncoding = 4; lastKnownFileType = sourcecode.c.h; name = LoadMoreCell.h; path = View/LoadMoreCell.h; sourceTree = "<group>"; };
		C5971BB31CD4F88500C6B263 /* LoadMoreCell.m */ = {isa = PBXFileReference; fileEncoding = 4; lastKnownFileType = sourcecode.c.objc; name = LoadMoreCell.m; path = View/LoadMoreCell.m; sourceTree = "<group>"; };
		C5971BB51CD5D38900C6B263 /* PlanTVC.h */ = {isa = PBXFileReference; fileEncoding = 4; lastKnownFileType = sourcecode.c.h; name = PlanTVC.h; path = Controller/PlanTVC.h; sourceTree = "<group>"; };
		C5971BB61CD5D38900C6B263 /* PlanTVC.m */ = {isa = PBXFileReference; fileEncoding = 4; lastKnownFileType = sourcecode.c.objc; name = PlanTVC.m; path = Controller/PlanTVC.m; sourceTree = "<group>"; };
		C5971BB81CD5D46500C6B263 /* AddPlanVC.h */ = {isa = PBXFileReference; fileEncoding = 4; lastKnownFileType = sourcecode.c.h; name = AddPlanVC.h; path = Controller/AddPlanVC.h; sourceTree = "<group>"; };
		C5971BB91CD5D46500C6B263 /* AddPlanVC.m */ = {isa = PBXFileReference; fileEncoding = 4; lastKnownFileType = sourcecode.c.objc; name = AddPlanVC.m; path = Controller/AddPlanVC.m; sourceTree = "<group>"; };
		C5971BBB1CD5DA8A00C6B263 /* FileCell.xib */ = {isa = PBXFileReference; fileEncoding = 4; lastKnownFileType = file.xib; name = FileCell.xib; path = View/FileCell.xib; sourceTree = "<group>"; };
		C5971BBD1CD5DD0B00C6B263 /* FileCell.h */ = {isa = PBXFileReference; fileEncoding = 4; lastKnownFileType = sourcecode.c.h; name = FileCell.h; path = View/FileCell.h; sourceTree = "<group>"; };
		C5971BBE1CD5DD0B00C6B263 /* FileCell.m */ = {isa = PBXFileReference; fileEncoding = 4; lastKnownFileType = sourcecode.c.objc; name = FileCell.m; path = View/FileCell.m; sourceTree = "<group>"; };
		C5971BC31CD5DD5F00C6B263 /* FileTVC.h */ = {isa = PBXFileReference; fileEncoding = 4; lastKnownFileType = sourcecode.c.h; name = FileTVC.h; path = Controller/FileTVC.h; sourceTree = "<group>"; };
		C5971BC41CD5DD5F00C6B263 /* FileTVC.m */ = {isa = PBXFileReference; fileEncoding = 4; lastKnownFileType = sourcecode.c.objc; name = FileTVC.m; path = Controller/FileTVC.m; sourceTree = "<group>"; };
		C5971BC61CD5DFCE00C6B263 /* UploadFileVC.h */ = {isa = PBXFileReference; fileEncoding = 4; lastKnownFileType = sourcecode.c.h; name = UploadFileVC.h; path = Controller/UploadFileVC.h; sourceTree = "<group>"; };
		C5971BC71CD5DFCE00C6B263 /* UploadFileVC.m */ = {isa = PBXFileReference; fileEncoding = 4; lastKnownFileType = sourcecode.c.objc; name = UploadFileVC.m; path = Controller/UploadFileVC.m; sourceTree = "<group>"; };
		C5971BC91CD5E88100C6B263 /* MailBoxVC.h */ = {isa = PBXFileReference; fileEncoding = 4; lastKnownFileType = sourcecode.c.h; name = MailBoxVC.h; path = Controller/MailBoxVC.h; sourceTree = "<group>"; };
		C5971BCA1CD5E88100C6B263 /* MailBoxVC.m */ = {isa = PBXFileReference; fileEncoding = 4; lastKnownFileType = sourcecode.c.objc; name = MailBoxVC.m; path = Controller/MailBoxVC.m; sourceTree = "<group>"; };
		C5971BCC1CD5EA8200C6B263 /* InboxTVC.h */ = {isa = PBXFileReference; fileEncoding = 4; lastKnownFileType = sourcecode.c.h; name = InboxTVC.h; path = Controller/InboxTVC.h; sourceTree = "<group>"; };
		C5971BCD1CD5EA8200C6B263 /* InboxTVC.m */ = {isa = PBXFileReference; fileEncoding = 4; lastKnownFileType = sourcecode.c.objc; name = InboxTVC.m; path = Controller/InboxTVC.m; sourceTree = "<group>"; };
		C5971BCF1CD5EA9E00C6B263 /* OutboxTVC.h */ = {isa = PBXFileReference; fileEncoding = 4; lastKnownFileType = sourcecode.c.h; name = OutboxTVC.h; path = Controller/OutboxTVC.h; sourceTree = "<group>"; };
		C5971BD01CD5EA9E00C6B263 /* OutboxTVC.m */ = {isa = PBXFileReference; fileEncoding = 4; lastKnownFileType = sourcecode.c.objc; name = OutboxTVC.m; path = Controller/OutboxTVC.m; sourceTree = "<group>"; };
		C5971BD21CD5EE2B00C6B263 /* MailCell.xib */ = {isa = PBXFileReference; fileEncoding = 4; lastKnownFileType = file.xib; name = MailCell.xib; path = View/MailCell.xib; sourceTree = "<group>"; };
		C5971BD41CD5EE4100C6B263 /* MailCell.h */ = {isa = PBXFileReference; fileEncoding = 4; lastKnownFileType = sourcecode.c.h; name = MailCell.h; path = View/MailCell.h; sourceTree = "<group>"; };
		C5971BD51CD5EE4100C6B263 /* MailCell.m */ = {isa = PBXFileReference; fileEncoding = 4; lastKnownFileType = sourcecode.c.objc; name = MailCell.m; path = View/MailCell.m; sourceTree = "<group>"; };
		C5971BD71CD5F3E700C6B263 /* SendMailTVC.h */ = {isa = PBXFileReference; fileEncoding = 4; lastKnownFileType = sourcecode.c.h; name = SendMailTVC.h; path = Controller/SendMailTVC.h; sourceTree = "<group>"; };
		C5971BD81CD5F3E700C6B263 /* SendMailTVC.m */ = {isa = PBXFileReference; fileEncoding = 4; lastKnownFileType = sourcecode.c.objc; name = SendMailTVC.m; path = Controller/SendMailTVC.m; sourceTree = "<group>"; };
		C5971BDE1CD7561D00C6B263 /* TabItem.h */ = {isa = PBXFileReference; fileEncoding = 4; lastKnownFileType = sourcecode.c.h; name = TabItem.h; path = Utils/TabItem.h; sourceTree = "<group>"; };
		C5971BDF1CD7561D00C6B263 /* TabItem.m */ = {isa = PBXFileReference; fileEncoding = 4; lastKnownFileType = sourcecode.c.objc; name = TabItem.m; path = Utils/TabItem.m; sourceTree = "<group>"; };
		C5971BE11CD78CAB00C6B263 /* YesterdayPlanTVC.h */ = {isa = PBXFileReference; fileEncoding = 4; lastKnownFileType = sourcecode.c.h; name = YesterdayPlanTVC.h; path = Controller/YesterdayPlanTVC.h; sourceTree = "<group>"; };
		C5971BE21CD78CAB00C6B263 /* YesterdayPlanTVC.m */ = {isa = PBXFileReference; fileEncoding = 4; lastKnownFileType = sourcecode.c.objc; name = YesterdayPlanTVC.m; path = Controller/YesterdayPlanTVC.m; sourceTree = "<group>"; };
		C5971BE41CD78CBF00C6B263 /* TodayPlanTVC.h */ = {isa = PBXFileReference; fileEncoding = 4; lastKnownFileType = sourcecode.c.h; name = TodayPlanTVC.h; path = Controller/TodayPlanTVC.h; sourceTree = "<group>"; };
		C5971BE51CD78CBF00C6B263 /* TodayPlanTVC.m */ = {isa = PBXFileReference; fileEncoding = 4; lastKnownFileType = sourcecode.c.objc; name = TodayPlanTVC.m; path = Controller/TodayPlanTVC.m; sourceTree = "<group>"; };
		C5971BE71CD78CD200C6B263 /* TomorrowPlanTVC.h */ = {isa = PBXFileReference; fileEncoding = 4; lastKnownFileType = sourcecode.c.h; name = TomorrowPlanTVC.h; path = Controller/TomorrowPlanTVC.h; sourceTree = "<group>"; };
		C5971BE81CD78CD200C6B263 /* TomorrowPlanTVC.m */ = {isa = PBXFileReference; fileEncoding = 4; lastKnownFileType = sourcecode.c.objc; name = TomorrowPlanTVC.m; path = Controller/TomorrowPlanTVC.m; sourceTree = "<group>"; };
		C5971BEA1CD7943A00C6B263 /* TabbedScrollViewController.h */ = {isa = PBXFileReference; fileEncoding = 4; lastKnownFileType = sourcecode.c.h; name = TabbedScrollViewController.h; path = Utils/TabbedScrollViewController.h; sourceTree = "<group>"; };
		C5971BEB1CD7943A00C6B263 /* TabbedScrollViewController.m */ = {isa = PBXFileReference; fileEncoding = 4; lastKnownFileType = sourcecode.c.objc; name = TabbedScrollViewController.m; path = Utils/TabbedScrollViewController.m; sourceTree = "<group>"; };
		D18B46FC1CCFAB8300FEA8E8 /* CHManagement.app */ = {isa = PBXFileReference; explicitFileType = wrapper.application; includeInIndex = 0; path = CHManagement.app; sourceTree = BUILT_PRODUCTS_DIR; };
		D18B47001CCFAB8300FEA8E8 /* main.m */ = {isa = PBXFileReference; lastKnownFileType = sourcecode.c.objc; path = main.m; sourceTree = "<group>"; };
		D18B47021CCFAB8300FEA8E8 /* AppDelegate.h */ = {isa = PBXFileReference; lastKnownFileType = sourcecode.c.h; path = AppDelegate.h; sourceTree = "<group>"; };
		D18B47031CCFAB8300FEA8E8 /* AppDelegate.m */ = {isa = PBXFileReference; lastKnownFileType = sourcecode.c.objc; path = AppDelegate.m; sourceTree = "<group>"; };
		D18B47091CCFAB8300FEA8E8 /* Base */ = {isa = PBXFileReference; lastKnownFileType = file.storyboard; name = Base; path = Base.lproj/Main.storyboard; sourceTree = "<group>"; };
		D18B470B1CCFAB8300FEA8E8 /* Assets.xcassets */ = {isa = PBXFileReference; lastKnownFileType = folder.assetcatalog; path = Assets.xcassets; sourceTree = "<group>"; };
		D18B470E1CCFAB8300FEA8E8 /* Base */ = {isa = PBXFileReference; lastKnownFileType = file.storyboard; name = Base; path = Base.lproj/LaunchScreen.storyboard; sourceTree = "<group>"; };
		D18B47101CCFAB8300FEA8E8 /* Info.plist */ = {isa = PBXFileReference; lastKnownFileType = text.plist.xml; path = Info.plist; sourceTree = "<group>"; };
		D18B47151CCFAB8300FEA8E8 /* CHManagementTests.xctest */ = {isa = PBXFileReference; explicitFileType = wrapper.cfbundle; includeInIndex = 0; path = CHManagementTests.xctest; sourceTree = BUILT_PRODUCTS_DIR; };
		D18B47191CCFAB8300FEA8E8 /* CHManagementTests.m */ = {isa = PBXFileReference; lastKnownFileType = sourcecode.c.objc; path = CHManagementTests.m; sourceTree = "<group>"; };
		D18B471B1CCFAB8300FEA8E8 /* Info.plist */ = {isa = PBXFileReference; lastKnownFileType = text.plist.xml; path = Info.plist; sourceTree = "<group>"; };
		D18B47201CCFAB8300FEA8E8 /* CHManagementUITests.xctest */ = {isa = PBXFileReference; explicitFileType = wrapper.cfbundle; includeInIndex = 0; path = CHManagementUITests.xctest; sourceTree = BUILT_PRODUCTS_DIR; };
		D18B47241CCFAB8400FEA8E8 /* CHManagementUITests.m */ = {isa = PBXFileReference; lastKnownFileType = sourcecode.c.objc; path = CHManagementUITests.m; sourceTree = "<group>"; };
		D18B47261CCFAB8400FEA8E8 /* Info.plist */ = {isa = PBXFileReference; lastKnownFileType = text.plist.xml; path = Info.plist; sourceTree = "<group>"; };
		D19EF82D1CD647B90044BA84 /* IDEntity.h */ = {isa = PBXFileReference; fileEncoding = 4; lastKnownFileType = sourcecode.c.h; path = IDEntity.h; sourceTree = "<group>"; };
		D19EF82E1CD647B90044BA84 /* IDEntity.m */ = {isa = PBXFileReference; fileEncoding = 4; lastKnownFileType = sourcecode.c.objc; path = IDEntity.m; sourceTree = "<group>"; };
/* End PBXFileReference section */

/* Begin PBXFrameworksBuildPhase section */
		D18B46F91CCFAB8300FEA8E8 /* Frameworks */ = {
			isa = PBXFrameworksBuildPhase;
			buildActionMask = 2147483647;
			files = (
				C77588897E5F93D6E9FDB819 /* libPods-CHManagement.a in Frameworks */,
			);
			runOnlyForDeploymentPostprocessing = 0;
		};
		D18B47121CCFAB8300FEA8E8 /* Frameworks */ = {
			isa = PBXFrameworksBuildPhase;
			buildActionMask = 2147483647;
			files = (
			);
			runOnlyForDeploymentPostprocessing = 0;
		};
		D18B471D1CCFAB8300FEA8E8 /* Frameworks */ = {
			isa = PBXFrameworksBuildPhase;
			buildActionMask = 2147483647;
			files = (
			);
			runOnlyForDeploymentPostprocessing = 0;
		};
/* End PBXFrameworksBuildPhase section */

/* Begin PBXGroup section */
		0A86409D900346667492B223 /* Pods */ = {
			isa = PBXGroup;
			children = (
				7B7B0AC6DBE4E10D816EC340 /* Pods-CHManagement.debug.xcconfig */,
				2C70A178924B476A49005E9F /* Pods-CHManagement.release.xcconfig */,
			);
			name = Pods;
			sourceTree = "<group>";
		};
		710070DC4193BA37431AAA0C /* Frameworks */ = {
			isa = PBXGroup;
			children = (
				788E4E2103EA159DBCEBA920 /* libPods-CHManagement.a */,
			);
			name = Frameworks;
			sourceTree = "<group>";
		};
		C500E2341CD0A49200DF960B /* Controller */ = {
			isa = PBXGroup;
			children = (
				C500E2351CD0A4C400DF960B /* MainViewController.h */,
				C500E2361CD0A4C400DF960B /* MainViewController.m */,
				C500E2381CD0ADAA00DF960B /* LeftMenuViewController.h */,
				C500E2391CD0ADAA00DF960B /* LeftMenuViewController.m */,
				C500E23B1CD0ADBA00DF960B /* ContentViewController.h */,
				C500E23C1CD0ADBA00DF960B /* ContentViewController.m */,
				C500E23E1CD0D9EF00DF960B /* SignInViewController.h */,
				C500E23F1CD0D9EF00DF960B /* SignInViewController.m */,
				C5971B9C1CD3B49A00C6B263 /* ModifyPasswordVC.h */,
				C5971B9D1CD3B49A00C6B263 /* ModifyPasswordVC.m */,
				C5971B9F1CD3B61500C6B263 /* ActivityTVC.h */,
				C5971BA01CD3B61500C6B263 /* ActivityTVC.m */,
				C5971BAB1CD3C18400C6B263 /* AddActivityTVC.h */,
				C5971BAC1CD3C18400C6B263 /* AddActivityTVC.m */,
				C5971BB51CD5D38900C6B263 /* PlanTVC.h */,
				C5971BB61CD5D38900C6B263 /* PlanTVC.m */,
				C5971BB81CD5D46500C6B263 /* AddPlanVC.h */,
				C5971BB91CD5D46500C6B263 /* AddPlanVC.m */,
				C5971BE11CD78CAB00C6B263 /* YesterdayPlanTVC.h */,
				C5971BE21CD78CAB00C6B263 /* YesterdayPlanTVC.m */,
				C5971BE41CD78CBF00C6B263 /* TodayPlanTVC.h */,
				C5971BE51CD78CBF00C6B263 /* TodayPlanTVC.m */,
				C5971BE71CD78CD200C6B263 /* TomorrowPlanTVC.h */,
				C5971BE81CD78CD200C6B263 /* TomorrowPlanTVC.m */,
				C5971BC31CD5DD5F00C6B263 /* FileTVC.h */,
				C5971BC41CD5DD5F00C6B263 /* FileTVC.m */,
				C5971BC61CD5DFCE00C6B263 /* UploadFileVC.h */,
				C5971BC71CD5DFCE00C6B263 /* UploadFileVC.m */,
				C5971BC91CD5E88100C6B263 /* MailBoxVC.h */,
				C5971BCA1CD5E88100C6B263 /* MailBoxVC.m */,
				C5971BCC1CD5EA8200C6B263 /* InboxTVC.h */,
				C5971BCD1CD5EA8200C6B263 /* InboxTVC.m */,
				C5971BCF1CD5EA9E00C6B263 /* OutboxTVC.h */,
				C5971BD01CD5EA9E00C6B263 /* OutboxTVC.m */,
				C5971BD71CD5F3E700C6B263 /* SendMailTVC.h */,
				C5971BD81CD5F3E700C6B263 /* SendMailTVC.m */,
			);
			name = Controller;
			sourceTree = "<group>";
		};
		C5557F681CD0F143006EC41D /* NetworkService */ = {
			isa = PBXGroup;
			children = (
				C5557F691CD0F143006EC41D /* NetworkFile.h */,
				C5557F6A1CD0F143006EC41D /* NetworkFile.m */,
				C5557F6B1CD0F143006EC41D /* NetworkManager.h */,
				C5557F6C1CD0F143006EC41D /* NetworkManager.m */,
				C5557F6F1CD0F143006EC41D /* RequestParameter.h */,
				C5557F701CD0F143006EC41D /* RequestParameter.m */,
			);
			path = NetworkService;
			sourceTree = "<group>";
		};
		C5557F751CD0F154006EC41D /* Entity */ = {
			isa = PBXGroup;
			children = (
				C5557F761CD0F154006EC41D /* MyGroup.h */,
				C5557F771CD0F154006EC41D /* MyGroup.m */,
				C5557F781CD0F154006EC41D /* Role.h */,
				C5557F791CD0F154006EC41D /* Role.m */,
				D19EF82D1CD647B90044BA84 /* IDEntity.h */,
				D19EF82E1CD647B90044BA84 /* IDEntity.m */,
			);
			path = Entity;
			sourceTree = "<group>";
		};
		C5557F7C1CD0F15E006EC41D /* VO */ = {
			isa = PBXGroup;
			children = (
				C5557F7D1CD0F15E006EC41D /* AccountVO.h */,
				C5557F7E1CD0F15E006EC41D /* AccountVO.m */,
				C5557F7F1CD0F15E006EC41D /* ActivityVO.h */,
				C5557F801CD0F15E006EC41D /* ActivityVO.m */,
				C5557F811CD0F15E006EC41D /* AuditMaterialsVO.h */,
				C5557F821CD0F15E006EC41D /* AuditMaterialsVO.m */,
				C5557F831CD0F15E006EC41D /* AuditOthersVO.h */,
				C5557F841CD0F15E006EC41D /* AuditOthersVO.m */,
				C5557F851CD0F15E006EC41D /* BillBuildingVO.h */,
				C5557F861CD0F15E006EC41D /* BillBuildingVO.m */,
				C5557F871CD0F15E006EC41D /* BillMaterialsVO.h */,
				C5557F881CD0F15E006EC41D /* BillMaterialsVO.m */,
				C5557F891CD0F15E006EC41D /* BillOthersVO.h */,
				C5557F8A1CD0F15E006EC41D /* BillOthersVO.m */,
				C5557F8B1CD0F15E006EC41D /* BillVO.h */,
				C5557F8C1CD0F15E006EC41D /* BillVO.m */,
				C5557F8D1CD0F15E006EC41D /* FileVO.h */,
				C5557F8E1CD0F15E006EC41D /* FileVO.m */,
				C5557F8F1CD0F15E006EC41D /* MessageVO.h */,
				C5557F901CD0F15E006EC41D /* MessageVO.m */,
				C5557F911CD0F15E006EC41D /* NotifyVO.h */,
				C5557F921CD0F15E006EC41D /* NotifyVO.m */,
				C5557F931CD0F15E006EC41D /* QiNiuVO.h */,
				C5557F941CD0F15E006EC41D /* QiNiuVO.m */,
				C5557F951CD0F15E006EC41D /* ResultVO.h */,
				C5557F961CD0F15E006EC41D /* ResultVO.m */,
				C5557F971CD0F15E006EC41D /* ScheduleVO.h */,
				C5557F981CD0F15E006EC41D /* ScheduleVO.m */,
				C5557F991CD0F15E006EC41D /* SignInResultVO.h */,
				C5557F9A1CD0F15E006EC41D /* SignInResultVO.m */,
				C5557F9B1CD0F15E006EC41D /* SignStatusVO.h */,
				C5557F9C1CD0F15E006EC41D /* SignStatusVO.m */,
				C5557F9D1CD0F15E006EC41D /* UserShortVO.h */,
				C5557F9E1CD0F15E006EC41D /* UserShortVO.m */,
				C5557F9F1CD0F15E006EC41D /* UserVO.h */,
				C5557FA01CD0F15E006EC41D /* UserVO.m */,
				C5557FA11CD0F15E006EC41D /* VOWrapper.h */,
				C5557FA21CD0F15E006EC41D /* VOWrapper.m */,
			);
			path = VO;
			sourceTree = "<group>";
		};
		C5971B981CD399D200C6B263 /* Extends */ = {
			isa = PBXGroup;
			children = (
				C5557F6D1CD0F143006EC41D /* NSDictionary+Extends.h */,
				C5557F6E1CD0F143006EC41D /* NSDictionary+Extends.m */,
				C5971B991CD39A7200C6B263 /* MBProgressHUD+Extends.h */,
				C5971B9A1CD39A7200C6B263 /* MBProgressHUD+Extends.m */,
			);
			name = Extends;
			sourceTree = "<group>";
		};
		C5971BA51CD3B80F00C6B263 /* View */ = {
			isa = PBXGroup;
			children = (
				C5971BA61CD3B83500C6B263 /* ActivityCell.xib */,
				C5971BA81CD3B8C500C6B263 /* ActivityCell.h */,
				C5971BA91CD3B8C500C6B263 /* ActivityCell.m */,
				C5971BB01CD4F85900C6B263 /* LoadMoreCell.xib */,
				C5971BB21CD4F88500C6B263 /* LoadMoreCell.h */,
				C5971BB31CD4F88500C6B263 /* LoadMoreCell.m */,
				C5971BBB1CD5DA8A00C6B263 /* FileCell.xib */,
				C5971BBD1CD5DD0B00C6B263 /* FileCell.h */,
				C5971BBE1CD5DD0B00C6B263 /* FileCell.m */,
				C5971BD21CD5EE2B00C6B263 /* MailCell.xib */,
				C5971BD41CD5EE4100C6B263 /* MailCell.h */,
				C5971BD51CD5EE4100C6B263 /* MailCell.m */,
			);
			name = View;
			sourceTree = "<group>";
		};
		C5971BDD1CD755EF00C6B263 /* Utils */ = {
			isa = PBXGroup;
			children = (
				C5971BEA1CD7943A00C6B263 /* TabbedScrollViewController.h */,
				C5971BEB1CD7943A00C6B263 /* TabbedScrollViewController.m */,
				C5971BDE1CD7561D00C6B263 /* TabItem.h */,
				C5971BDF1CD7561D00C6B263 /* TabItem.m */,
			);
			name = Utils;
			sourceTree = "<group>";
		};
		D18B46F31CCFAB8300FEA8E8 = {
			isa = PBXGroup;
			children = (
				D18B46FE1CCFAB8300FEA8E8 /* CHManagement */,
				D18B47181CCFAB8300FEA8E8 /* CHManagementTests */,
				D18B47231CCFAB8300FEA8E8 /* CHManagementUITests */,
				D18B46FD1CCFAB8300FEA8E8 /* Products */,
				0A86409D900346667492B223 /* Pods */,
				710070DC4193BA37431AAA0C /* Frameworks */,
			);
			sourceTree = "<group>";
		};
		D18B46FD1CCFAB8300FEA8E8 /* Products */ = {
			isa = PBXGroup;
			children = (
				D18B46FC1CCFAB8300FEA8E8 /* CHManagement.app */,
				D18B47151CCFAB8300FEA8E8 /* CHManagementTests.xctest */,
				D18B47201CCFAB8300FEA8E8 /* CHManagementUITests.xctest */,
			);
			name = Products;
			sourceTree = "<group>";
		};
		D18B46FE1CCFAB8300FEA8E8 /* CHManagement */ = {
			isa = PBXGroup;
			children = (
				C5971BDD1CD755EF00C6B263 /* Utils */,
				C5971BA51CD3B80F00C6B263 /* View */,
				C5971B981CD399D200C6B263 /* Extends */,
				C5557F681CD0F143006EC41D /* NetworkService */,
				C5557F751CD0F154006EC41D /* Entity */,
				C5557F7C1CD0F15E006EC41D /* VO */,
				C500E2341CD0A49200DF960B /* Controller */,
				D18B47021CCFAB8300FEA8E8 /* AppDelegate.h */,
				D18B47031CCFAB8300FEA8E8 /* AppDelegate.m */,
				D18B47081CCFAB8300FEA8E8 /* Main.storyboard */,
				D18B470B1CCFAB8300FEA8E8 /* Assets.xcassets */,
				D18B470D1CCFAB8300FEA8E8 /* LaunchScreen.storyboard */,
				D18B47101CCFAB8300FEA8E8 /* Info.plist */,
				D18B46FF1CCFAB8300FEA8E8 /* Supporting Files */,
			);
			path = CHManagement;
			sourceTree = "<group>";
		};
		D18B46FF1CCFAB8300FEA8E8 /* Supporting Files */ = {
			isa = PBXGroup;
			children = (
				D18B47001CCFAB8300FEA8E8 /* main.m */,
			);
			name = "Supporting Files";
			sourceTree = "<group>";
		};
		D18B47181CCFAB8300FEA8E8 /* CHManagementTests */ = {
			isa = PBXGroup;
			children = (
				D18B47191CCFAB8300FEA8E8 /* CHManagementTests.m */,
				D18B471B1CCFAB8300FEA8E8 /* Info.plist */,
			);
			path = CHManagementTests;
			sourceTree = "<group>";
		};
		D18B47231CCFAB8300FEA8E8 /* CHManagementUITests */ = {
			isa = PBXGroup;
			children = (
				D18B47241CCFAB8400FEA8E8 /* CHManagementUITests.m */,
				D18B47261CCFAB8400FEA8E8 /* Info.plist */,
			);
			path = CHManagementUITests;
			sourceTree = "<group>";
		};
/* End PBXGroup section */

/* Begin PBXNativeTarget section */
		D18B46FB1CCFAB8300FEA8E8 /* CHManagement */ = {
			isa = PBXNativeTarget;
			buildConfigurationList = D18B47291CCFAB8400FEA8E8 /* Build configuration list for PBXNativeTarget "CHManagement" */;
			buildPhases = (
				19A8AA9152AE645B304D4748 /* Check Pods Manifest.lock */,
				D18B46F81CCFAB8300FEA8E8 /* Sources */,
				D18B46F91CCFAB8300FEA8E8 /* Frameworks */,
				D18B46FA1CCFAB8300FEA8E8 /* Resources */,
				959C8876EFC612889E93A84C /* Embed Pods Frameworks */,
				95F8EF8F308EFD3DD3A0A59A /* Copy Pods Resources */,
			);
			buildRules = (
			);
			dependencies = (
			);
			name = CHManagement;
			productName = CHManagement;
			productReference = D18B46FC1CCFAB8300FEA8E8 /* CHManagement.app */;
			productType = "com.apple.product-type.application";
		};
		D18B47141CCFAB8300FEA8E8 /* CHManagementTests */ = {
			isa = PBXNativeTarget;
			buildConfigurationList = D18B472C1CCFAB8400FEA8E8 /* Build configuration list for PBXNativeTarget "CHManagementTests" */;
			buildPhases = (
				D18B47111CCFAB8300FEA8E8 /* Sources */,
				D18B47121CCFAB8300FEA8E8 /* Frameworks */,
				D18B47131CCFAB8300FEA8E8 /* Resources */,
			);
			buildRules = (
			);
			dependencies = (
				D18B47171CCFAB8300FEA8E8 /* PBXTargetDependency */,
			);
			name = CHManagementTests;
			productName = CHManagementTests;
			productReference = D18B47151CCFAB8300FEA8E8 /* CHManagementTests.xctest */;
			productType = "com.apple.product-type.bundle.unit-test";
		};
		D18B471F1CCFAB8300FEA8E8 /* CHManagementUITests */ = {
			isa = PBXNativeTarget;
			buildConfigurationList = D18B472F1CCFAB8400FEA8E8 /* Build configuration list for PBXNativeTarget "CHManagementUITests" */;
			buildPhases = (
				D18B471C1CCFAB8300FEA8E8 /* Sources */,
				D18B471D1CCFAB8300FEA8E8 /* Frameworks */,
				D18B471E1CCFAB8300FEA8E8 /* Resources */,
			);
			buildRules = (
			);
			dependencies = (
				D18B47221CCFAB8300FEA8E8 /* PBXTargetDependency */,
			);
			name = CHManagementUITests;
			productName = CHManagementUITests;
			productReference = D18B47201CCFAB8300FEA8E8 /* CHManagementUITests.xctest */;
			productType = "com.apple.product-type.bundle.ui-testing";
		};
/* End PBXNativeTarget section */

/* Begin PBXProject section */
		D18B46F41CCFAB8300FEA8E8 /* Project object */ = {
			isa = PBXProject;
			attributes = {
				LastUpgradeCheck = 0730;
				ORGANIZATIONNAME = "楚淮集团";
				TargetAttributes = {
					D18B46FB1CCFAB8300FEA8E8 = {
						CreatedOnToolsVersion = 7.3;
					};
					D18B47141CCFAB8300FEA8E8 = {
						CreatedOnToolsVersion = 7.3;
						TestTargetID = D18B46FB1CCFAB8300FEA8E8;
					};
					D18B471F1CCFAB8300FEA8E8 = {
						CreatedOnToolsVersion = 7.3;
						TestTargetID = D18B46FB1CCFAB8300FEA8E8;
					};
				};
			};
			buildConfigurationList = D18B46F71CCFAB8300FEA8E8 /* Build configuration list for PBXProject "CHManagement" */;
			compatibilityVersion = "Xcode 3.2";
			developmentRegion = English;
			hasScannedForEncodings = 0;
			knownRegions = (
				en,
				Base,
			);
			mainGroup = D18B46F31CCFAB8300FEA8E8;
			productRefGroup = D18B46FD1CCFAB8300FEA8E8 /* Products */;
			projectDirPath = "";
			projectRoot = "";
			targets = (
				D18B46FB1CCFAB8300FEA8E8 /* CHManagement */,
				D18B47141CCFAB8300FEA8E8 /* CHManagementTests */,
				D18B471F1CCFAB8300FEA8E8 /* CHManagementUITests */,
			);
		};
/* End PBXProject section */

/* Begin PBXResourcesBuildPhase section */
		D18B46FA1CCFAB8300FEA8E8 /* Resources */ = {
			isa = PBXResourcesBuildPhase;
			buildActionMask = 2147483647;
			files = (
				C5971BD31CD5EE2B00C6B263 /* MailCell.xib in Resources */,
				C5971BB11CD4F85900C6B263 /* LoadMoreCell.xib in Resources */,
				D18B470F1CCFAB8300FEA8E8 /* LaunchScreen.storyboard in Resources */,
				D18B470C1CCFAB8300FEA8E8 /* Assets.xcassets in Resources */,
				C5971BBC1CD5DA8A00C6B263 /* FileCell.xib in Resources */,
				C5971BA71CD3B83500C6B263 /* ActivityCell.xib in Resources */,
				D18B470A1CCFAB8300FEA8E8 /* Main.storyboard in Resources */,
			);
			runOnlyForDeploymentPostprocessing = 0;
		};
		D18B47131CCFAB8300FEA8E8 /* Resources */ = {
			isa = PBXResourcesBuildPhase;
			buildActionMask = 2147483647;
			files = (
			);
			runOnlyForDeploymentPostprocessing = 0;
		};
		D18B471E1CCFAB8300FEA8E8 /* Resources */ = {
			isa = PBXResourcesBuildPhase;
			buildActionMask = 2147483647;
			files = (
			);
			runOnlyForDeploymentPostprocessing = 0;
		};
/* End PBXResourcesBuildPhase section */

/* Begin PBXShellScriptBuildPhase section */
		19A8AA9152AE645B304D4748 /* Check Pods Manifest.lock */ = {
			isa = PBXShellScriptBuildPhase;
			buildActionMask = 2147483647;
			files = (
			);
			inputPaths = (
			);
			name = "Check Pods Manifest.lock";
			outputPaths = (
			);
			runOnlyForDeploymentPostprocessing = 0;
			shellPath = /bin/sh;
			shellScript = "diff \"${PODS_ROOT}/../Podfile.lock\" \"${PODS_ROOT}/Manifest.lock\" > /dev/null\nif [[ $? != 0 ]] ; then\n    cat << EOM\nerror: The sandbox is not in sync with the Podfile.lock. Run 'pod install' or update your CocoaPods installation.\nEOM\n    exit 1\nfi\n";
			showEnvVarsInLog = 0;
		};
		959C8876EFC612889E93A84C /* Embed Pods Frameworks */ = {
			isa = PBXShellScriptBuildPhase;
			buildActionMask = 2147483647;
			files = (
			);
			inputPaths = (
			);
			name = "Embed Pods Frameworks";
			outputPaths = (
			);
			runOnlyForDeploymentPostprocessing = 0;
			shellPath = /bin/sh;
			shellScript = "\"${SRCROOT}/Pods/Target Support Files/Pods-CHManagement/Pods-CHManagement-frameworks.sh\"\n";
			showEnvVarsInLog = 0;
		};
		95F8EF8F308EFD3DD3A0A59A /* Copy Pods Resources */ = {
			isa = PBXShellScriptBuildPhase;
			buildActionMask = 2147483647;
			files = (
			);
			inputPaths = (
			);
			name = "Copy Pods Resources";
			outputPaths = (
			);
			runOnlyForDeploymentPostprocessing = 0;
			shellPath = /bin/sh;
			shellScript = "\"${SRCROOT}/Pods/Target Support Files/Pods-CHManagement/Pods-CHManagement-resources.sh\"\n";
			showEnvVarsInLog = 0;
		};
/* End PBXShellScriptBuildPhase section */

/* Begin PBXSourcesBuildPhase section */
		D18B46F81CCFAB8300FEA8E8 /* Sources */ = {
			isa = PBXSourcesBuildPhase;
			buildActionMask = 2147483647;
			files = (
				C5557F7B1CD0F154006EC41D /* Role.m in Sources */,
				C500E2401CD0D9EF00DF960B /* SignInViewController.m in Sources */,
				C5971BB71CD5D38900C6B263 /* PlanTVC.m in Sources */,
				C5971BAA1CD3B8C500C6B263 /* ActivityCell.m in Sources */,
				C5557F711CD0F143006EC41D /* NetworkFile.m in Sources */,
				C5971BBF1CD5DD0B00C6B263 /* FileCell.m in Sources */,
				C5557F7A1CD0F154006EC41D /* MyGroup.m in Sources */,
				D18B47041CCFAB8300FEA8E8 /* AppDelegate.m in Sources */,
				C5557FB01CD0F15E006EC41D /* ScheduleVO.m in Sources */,
				C5971BBA1CD5D46500C6B263 /* AddPlanVC.m in Sources */,
				C5971BE31CD78CAB00C6B263 /* YesterdayPlanTVC.m in Sources */,
				C5971BD11CD5EA9E00C6B263 /* OutboxTVC.m in Sources */,
				C5557FB11CD0F15E006EC41D /* SignInResultVO.m in Sources */,
				C5557FB41CD0F15E006EC41D /* UserVO.m in Sources */,
				C5971BE01CD7561D00C6B263 /* TabItem.m in Sources */,
				C5971BA11CD3B61500C6B263 /* ActivityTVC.m in Sources */,
				C5971B9E1CD3B49A00C6B263 /* ModifyPasswordVC.m in Sources */,
				C5557FB31CD0F15E006EC41D /* UserShortVO.m in Sources */,
				C5557FA81CD0F15E006EC41D /* BillMaterialsVO.m in Sources */,
				C5557FA31CD0F15E006EC41D /* AccountVO.m in Sources */,
				C5971BAD1CD3C18400C6B263 /* AddActivityTVC.m in Sources */,
				C5557FB51CD0F15E006EC41D /* VOWrapper.m in Sources */,
				C5557F741CD0F143006EC41D /* RequestParameter.m in Sources */,
				C5557FAF1CD0F15E006EC41D /* ResultVO.m in Sources */,
				C500E23D1CD0ADBA00DF960B /* ContentViewController.m in Sources */,
				D18B47011CCFAB8300FEA8E8 /* main.m in Sources */,
				C5971B9B1CD39A7200C6B263 /* MBProgressHUD+Extends.m in Sources */,
				C5971BE61CD78CBF00C6B263 /* TodayPlanTVC.m in Sources */,
				C5971BCB1CD5E88100C6B263 /* MailBoxVC.m in Sources */,
				C5971BB41CD4F88500C6B263 /* LoadMoreCell.m in Sources */,
				C5557FAD1CD0F15E006EC41D /* NotifyVO.m in Sources */,
				C5557F731CD0F143006EC41D /* NSDictionary+Extends.m in Sources */,
				C5971BE91CD78CD200C6B263 /* TomorrowPlanTVC.m in Sources */,
				C5557FA71CD0F15E006EC41D /* BillBuildingVO.m in Sources */,
				C5557FA51CD0F15E006EC41D /* AuditMaterialsVO.m in Sources */,
				C5557FAB1CD0F15E006EC41D /* FileVO.m in Sources */,
				D19EF82F1CD647B90044BA84 /* IDEntity.m in Sources */,
				C5557FA91CD0F15E006EC41D /* BillOthersVO.m in Sources */,
				C500E23A1CD0ADAA00DF960B /* LeftMenuViewController.m in Sources */,
				C5557FAC1CD0F15E006EC41D /* MessageVO.m in Sources */,
				C5971BC51CD5DD5F00C6B263 /* FileTVC.m in Sources */,
				C5971BD61CD5EE4100C6B263 /* MailCell.m in Sources */,
				C5557FA61CD0F15E006EC41D /* AuditOthersVO.m in Sources */,
				C5557FB21CD0F15E006EC41D /* SignStatusVO.m in Sources */,
				C5557FA41CD0F15E006EC41D /* ActivityVO.m in Sources */,
				C5971BCE1CD5EA8200C6B263 /* InboxTVC.m in Sources */,
				C5971BC81CD5DFCE00C6B263 /* UploadFileVC.m in Sources */,
				C5557FAA1CD0F15E006EC41D /* BillVO.m in Sources */,
				C5971BEC1CD7943A00C6B263 /* TabbedScrollViewController.m in Sources */,
				C5557FAE1CD0F15E006EC41D /* QiNiuVO.m in Sources */,
				C5557F721CD0F143006EC41D /* NetworkManager.m in Sources */,
				C500E2371CD0A4C400DF960B /* MainViewController.m in Sources */,
				C5971BD91CD5F3E700C6B263 /* SendMailTVC.m in Sources */,
			);
			runOnlyForDeploymentPostprocessing = 0;
		};
		D18B47111CCFAB8300FEA8E8 /* Sources */ = {
			isa = PBXSourcesBuildPhase;
			buildActionMask = 2147483647;
			files = (
				D18B471A1CCFAB8300FEA8E8 /* CHManagementTests.m in Sources */,
			);
			runOnlyForDeploymentPostprocessing = 0;
		};
		D18B471C1CCFAB8300FEA8E8 /* Sources */ = {
			isa = PBXSourcesBuildPhase;
			buildActionMask = 2147483647;
			files = (
				D18B47251CCFAB8400FEA8E8 /* CHManagementUITests.m in Sources */,
			);
			runOnlyForDeploymentPostprocessing = 0;
		};
/* End PBXSourcesBuildPhase section */

/* Begin PBXTargetDependency section */
		D18B47171CCFAB8300FEA8E8 /* PBXTargetDependency */ = {
			isa = PBXTargetDependency;
			target = D18B46FB1CCFAB8300FEA8E8 /* CHManagement */;
			targetProxy = D18B47161CCFAB8300FEA8E8 /* PBXContainerItemProxy */;
		};
		D18B47221CCFAB8300FEA8E8 /* PBXTargetDependency */ = {
			isa = PBXTargetDependency;
			target = D18B46FB1CCFAB8300FEA8E8 /* CHManagement */;
			targetProxy = D18B47211CCFAB8300FEA8E8 /* PBXContainerItemProxy */;
		};
/* End PBXTargetDependency section */

/* Begin PBXVariantGroup section */
		D18B47081CCFAB8300FEA8E8 /* Main.storyboard */ = {
			isa = PBXVariantGroup;
			children = (
				D18B47091CCFAB8300FEA8E8 /* Base */,
			);
			name = Main.storyboard;
			sourceTree = "<group>";
		};
		D18B470D1CCFAB8300FEA8E8 /* LaunchScreen.storyboard */ = {
			isa = PBXVariantGroup;
			children = (
				D18B470E1CCFAB8300FEA8E8 /* Base */,
			);
			name = LaunchScreen.storyboard;
			sourceTree = "<group>";
		};
/* End PBXVariantGroup section */

/* Begin XCBuildConfiguration section */
		D18B47271CCFAB8400FEA8E8 /* Debug */ = {
			isa = XCBuildConfiguration;
			buildSettings = {
				ALWAYS_SEARCH_USER_PATHS = NO;
				CLANG_ANALYZER_NONNULL = YES;
				CLANG_CXX_LANGUAGE_STANDARD = "gnu++0x";
				CLANG_CXX_LIBRARY = "libc++";
				CLANG_ENABLE_MODULES = YES;
				CLANG_ENABLE_OBJC_ARC = YES;
				CLANG_WARN_BOOL_CONVERSION = YES;
				CLANG_WARN_CONSTANT_CONVERSION = YES;
				CLANG_WARN_DIRECT_OBJC_ISA_USAGE = YES_ERROR;
				CLANG_WARN_EMPTY_BODY = YES;
				CLANG_WARN_ENUM_CONVERSION = YES;
				CLANG_WARN_INT_CONVERSION = YES;
				CLANG_WARN_OBJC_ROOT_CLASS = YES_ERROR;
				CLANG_WARN_UNREACHABLE_CODE = YES;
				CLANG_WARN__DUPLICATE_METHOD_MATCH = YES;
				"CODE_SIGN_IDENTITY[sdk=iphoneos*]" = "iPhone Developer";
				COPY_PHASE_STRIP = NO;
				DEBUG_INFORMATION_FORMAT = dwarf;
				ENABLE_STRICT_OBJC_MSGSEND = YES;
				ENABLE_TESTABILITY = YES;
				GCC_C_LANGUAGE_STANDARD = gnu99;
				GCC_DYNAMIC_NO_PIC = NO;
				GCC_NO_COMMON_BLOCKS = YES;
				GCC_OPTIMIZATION_LEVEL = 0;
				GCC_PREPROCESSOR_DEFINITIONS = (
					"DEBUG=1",
					"$(inherited)",
				);
				GCC_WARN_64_TO_32_BIT_CONVERSION = YES;
				GCC_WARN_ABOUT_RETURN_TYPE = YES_ERROR;
				GCC_WARN_UNDECLARED_SELECTOR = YES;
				GCC_WARN_UNINITIALIZED_AUTOS = YES_AGGRESSIVE;
				GCC_WARN_UNUSED_FUNCTION = YES;
				GCC_WARN_UNUSED_VARIABLE = YES;
				IPHONEOS_DEPLOYMENT_TARGET = 9.3;
				MTL_ENABLE_DEBUG_INFO = YES;
				ONLY_ACTIVE_ARCH = YES;
				SDKROOT = iphoneos;
			};
			name = Debug;
		};
		D18B47281CCFAB8400FEA8E8 /* Release */ = {
			isa = XCBuildConfiguration;
			buildSettings = {
				ALWAYS_SEARCH_USER_PATHS = NO;
				CLANG_ANALYZER_NONNULL = YES;
				CLANG_CXX_LANGUAGE_STANDARD = "gnu++0x";
				CLANG_CXX_LIBRARY = "libc++";
				CLANG_ENABLE_MODULES = YES;
				CLANG_ENABLE_OBJC_ARC = YES;
				CLANG_WARN_BOOL_CONVERSION = YES;
				CLANG_WARN_CONSTANT_CONVERSION = YES;
				CLANG_WARN_DIRECT_OBJC_ISA_USAGE = YES_ERROR;
				CLANG_WARN_EMPTY_BODY = YES;
				CLANG_WARN_ENUM_CONVERSION = YES;
				CLANG_WARN_INT_CONVERSION = YES;
				CLANG_WARN_OBJC_ROOT_CLASS = YES_ERROR;
				CLANG_WARN_UNREACHABLE_CODE = YES;
				CLANG_WARN__DUPLICATE_METHOD_MATCH = YES;
				"CODE_SIGN_IDENTITY[sdk=iphoneos*]" = "iPhone Developer";
				COPY_PHASE_STRIP = NO;
				DEBUG_INFORMATION_FORMAT = "dwarf-with-dsym";
				ENABLE_NS_ASSERTIONS = NO;
				ENABLE_STRICT_OBJC_MSGSEND = YES;
				GCC_C_LANGUAGE_STANDARD = gnu99;
				GCC_NO_COMMON_BLOCKS = YES;
				GCC_WARN_64_TO_32_BIT_CONVERSION = YES;
				GCC_WARN_ABOUT_RETURN_TYPE = YES_ERROR;
				GCC_WARN_UNDECLARED_SELECTOR = YES;
				GCC_WARN_UNINITIALIZED_AUTOS = YES_AGGRESSIVE;
				GCC_WARN_UNUSED_FUNCTION = YES;
				GCC_WARN_UNUSED_VARIABLE = YES;
				IPHONEOS_DEPLOYMENT_TARGET = 9.3;
				MTL_ENABLE_DEBUG_INFO = NO;
				SDKROOT = iphoneos;
				VALIDATE_PRODUCT = YES;
			};
			name = Release;
		};
		D18B472A1CCFAB8400FEA8E8 /* Debug */ = {
			isa = XCBuildConfiguration;
			baseConfigurationReference = 7B7B0AC6DBE4E10D816EC340 /* Pods-CHManagement.debug.xcconfig */;
			buildSettings = {
				ASSETCATALOG_COMPILER_APPICON_NAME = AppIcon;
				INFOPLIST_FILE = CHManagement/Info.plist;
				LD_RUNPATH_SEARCH_PATHS = "$(inherited) @executable_path/Frameworks";
				PRODUCT_BUNDLE_IDENTIFIER = com.ChuHuai.CHManagement;
				PRODUCT_NAME = "$(TARGET_NAME)";
			};
			name = Debug;
		};
		D18B472B1CCFAB8400FEA8E8 /* Release */ = {
			isa = XCBuildConfiguration;
			baseConfigurationReference = 2C70A178924B476A49005E9F /* Pods-CHManagement.release.xcconfig */;
			buildSettings = {
				ASSETCATALOG_COMPILER_APPICON_NAME = AppIcon;
				INFOPLIST_FILE = CHManagement/Info.plist;
				LD_RUNPATH_SEARCH_PATHS = "$(inherited) @executable_path/Frameworks";
				PRODUCT_BUNDLE_IDENTIFIER = com.ChuHuai.CHManagement;
				PRODUCT_NAME = "$(TARGET_NAME)";
			};
			name = Release;
		};
		D18B472D1CCFAB8400FEA8E8 /* Debug */ = {
			isa = XCBuildConfiguration;
			buildSettings = {
				BUNDLE_LOADER = "$(TEST_HOST)";
				INFOPLIST_FILE = CHManagementTests/Info.plist;
				LD_RUNPATH_SEARCH_PATHS = "$(inherited) @executable_path/Frameworks @loader_path/Frameworks";
				PRODUCT_BUNDLE_IDENTIFIER = com.ChuHuai.CHManagementTests;
				PRODUCT_NAME = "$(TARGET_NAME)";
				TEST_HOST = "$(BUILT_PRODUCTS_DIR)/CHManagement.app/CHManagement";
			};
			name = Debug;
		};
		D18B472E1CCFAB8400FEA8E8 /* Release */ = {
			isa = XCBuildConfiguration;
			buildSettings = {
				BUNDLE_LOADER = "$(TEST_HOST)";
				INFOPLIST_FILE = CHManagementTests/Info.plist;
				LD_RUNPATH_SEARCH_PATHS = "$(inherited) @executable_path/Frameworks @loader_path/Frameworks";
				PRODUCT_BUNDLE_IDENTIFIER = com.ChuHuai.CHManagementTests;
				PRODUCT_NAME = "$(TARGET_NAME)";
				TEST_HOST = "$(BUILT_PRODUCTS_DIR)/CHManagement.app/CHManagement";
			};
			name = Release;
		};
		D18B47301CCFAB8400FEA8E8 /* Debug */ = {
			isa = XCBuildConfiguration;
			buildSettings = {
				INFOPLIST_FILE = CHManagementUITests/Info.plist;
				LD_RUNPATH_SEARCH_PATHS = "$(inherited) @executable_path/Frameworks @loader_path/Frameworks";
				PRODUCT_BUNDLE_IDENTIFIER = com.ChuHuai.CHManagementUITests;
				PRODUCT_NAME = "$(TARGET_NAME)";
				TEST_TARGET_NAME = CHManagement;
			};
			name = Debug;
		};
		D18B47311CCFAB8400FEA8E8 /* Release */ = {
			isa = XCBuildConfiguration;
			buildSettings = {
				INFOPLIST_FILE = CHManagementUITests/Info.plist;
				LD_RUNPATH_SEARCH_PATHS = "$(inherited) @executable_path/Frameworks @loader_path/Frameworks";
				PRODUCT_BUNDLE_IDENTIFIER = com.ChuHuai.CHManagementUITests;
				PRODUCT_NAME = "$(TARGET_NAME)";
				TEST_TARGET_NAME = CHManagement;
			};
			name = Release;
		};
/* End XCBuildConfiguration section */

/* Begin XCConfigurationList section */
		D18B46F71CCFAB8300FEA8E8 /* Build configuration list for PBXProject "CHManagement" */ = {
			isa = XCConfigurationList;
			buildConfigurations = (
				D18B47271CCFAB8400FEA8E8 /* Debug */,
				D18B47281CCFAB8400FEA8E8 /* Release */,
			);
			defaultConfigurationIsVisible = 0;
			defaultConfigurationName = Release;
		};
		D18B47291CCFAB8400FEA8E8 /* Build configuration list for PBXNativeTarget "CHManagement" */ = {
			isa = XCConfigurationList;
			buildConfigurations = (
				D18B472A1CCFAB8400FEA8E8 /* Debug */,
				D18B472B1CCFAB8400FEA8E8 /* Release */,
			);
			defaultConfigurationIsVisible = 0;
			defaultConfigurationName = Release;
		};
		D18B472C1CCFAB8400FEA8E8 /* Build configuration list for PBXNativeTarget "CHManagementTests" */ = {
			isa = XCConfigurationList;
			buildConfigurations = (
				D18B472D1CCFAB8400FEA8E8 /* Debug */,
				D18B472E1CCFAB8400FEA8E8 /* Release */,
			);
			defaultConfigurationIsVisible = 0;
			defaultConfigurationName = Release;
		};
		D18B472F1CCFAB8400FEA8E8 /* Build configuration list for PBXNativeTarget "CHManagementUITests" */ = {
			isa = XCConfigurationList;
			buildConfigurations = (
				D18B47301CCFAB8400FEA8E8 /* Debug */,
				D18B47311CCFAB8400FEA8E8 /* Release */,
			);
			defaultConfigurationIsVisible = 0;
			defaultConfigurationName = Release;
		};
/* End XCConfigurationList section */
	};
	rootObject = D18B46F41CCFAB8300FEA8E8 /* Project object */;
}
